// !$*UTF8*$!
{
	archiveVersion = 1;
	classes = {
	};
	objectVersion = 77;
	objects = {

/* Begin PBXBuildFile section */
		29AEA6A42D51FD46004774DC /* ASAudioKit.framework in Frameworks */ = {isa = PBXBuildFile; fileRef = 29AEA6A32D51FD46004774DC /* ASAudioKit.framework */; };
		29AEA6A52D51FD46004774DC /* ASAudioKit.framework in Embed Frameworks */ = {isa = PBXBuildFile; fileRef = 29AEA6A32D51FD46004774DC /* ASAudioKit.framework */; settings = {ATTRIBUTES = (CodeSignOnCopy, RemoveHeadersOnCopy, ); }; };
		29AEA6A82D51FD4F004774DC /* ASMusicKit.framework in Frameworks */ = {isa = PBXBuildFile; fileRef = 29AEA6A72D51FD4F004774DC /* ASMusicKit.framework */; };
		29AEA6A92D51FD4F004774DC /* ASMusicKit.framework in Embed Frameworks */ = {isa = PBXBuildFile; fileRef = 29AEA6A72D51FD4F004774DC /* ASMusicKit.framework */; settings = {ATTRIBUTES = (CodeSignOnCopy, RemoveHeadersOnCopy, ); }; };
		29AEA6AC2D51FE4D004774DC /* FirebaseAuth in Frameworks */ = {isa = PBXBuildFile; productRef = 29AEA6AB2D51FE4D004774DC /* FirebaseAuth */; };
		29AEA6AE2D51FE4D004774DC /* FirebaseStorage in Frameworks */ = {isa = PBXBuildFile; productRef = 29AEA6AD2D51FE4D004774DC /* FirebaseStorage */; };
		CB7E30472D5DCB6800C985BA /* BasicPitch in Frameworks */ = {isa = PBXBuildFile; productRef = CB7E30462D5DCB6800C985BA /* BasicPitch */; };
/* End PBXBuildFile section */

/* Begin PBXCopyFilesBuildPhase section */
		29AEA6A62D51FD46004774DC /* Embed Frameworks */ = {
			isa = PBXCopyFilesBuildPhase;
			buildActionMask = 2147483647;
			dstPath = "";
			dstSubfolderSpec = 10;
			files = (
				29AEA6A52D51FD46004774DC /* ASAudioKit.framework in Embed Frameworks */,
				29AEA6A92D51FD4F004774DC /* ASMusicKit.framework in Embed Frameworks */,
			);
			name = "Embed Frameworks";
			runOnlyForDeploymentPostprocessing = 0;
		};
/* End PBXCopyFilesBuildPhase section */

/* Begin PBXFileReference section */
		29AEA67E2D51FB7D004774DC /* ASAIKit.framework */ = {isa = PBXFileReference; explicitFileType = wrapper.framework; includeInIndex = 0; path = ASAIKit.framework; sourceTree = BUILT_PRODUCTS_DIR; };
		29AEA68D2D51FB9C004774DC /* ASAIKitDemo.app */ = {isa = PBXFileReference; explicitFileType = wrapper.application; includeInIndex = 0; path = ASAIKitDemo.app; sourceTree = BUILT_PRODUCTS_DIR; };
		29AEA69C2D51FCDA004774DC /* ASAudioKit.framework */ = {isa = PBXFileReference; explicitFileType = wrapper.framework; path = ASAudioKit.framework; sourceTree = BUILT_PRODUCTS_DIR; };
		29AEA6A02D51FCE7004774DC /* ASMusicKit.framework */ = {isa = PBXFileReference; explicitFileType = wrapper.framework; path = ASMusicKit.framework; sourceTree = BUILT_PRODUCTS_DIR; };
		29AEA6A32D51FD46004774DC /* ASAudioKit.framework */ = {isa = PBXFileReference; explicitFileType = wrapper.framework; path = ASAudioKit.framework; sourceTree = BUILT_PRODUCTS_DIR; };
		29AEA6A72D51FD4F004774DC /* ASMusicKit.framework */ = {isa = PBXFileReference; explicitFileType = wrapper.framework; path = ASMusicKit.framework; sourceTree = BUILT_PRODUCTS_DIR; };
/* End PBXFileReference section */

/* Begin PBXFileSystemSynchronizedBuildFileExceptionSet section */
		29AEA6832D51FB7D004774DC /* Exceptions for "ASAIKit" folder in "ASAIKit" target */ = {
			isa = PBXFileSystemSynchronizedBuildFileExceptionSet;
			publicHeaders = (
				ASAIKit.h,
			);
			target = 29AEA67D2D51FB7D004774DC /* ASAIKit */;
		};
		29AEA6B42D5202C3004774DC /* Exceptions for "ASAIKitDemo" folder in "ASAIKitDemo" target */ = {
			isa = PBXFileSystemSynchronizedBuildFileExceptionSet;
			membershipExceptions = (
				Resources/Info.plist,
			);
			target = 29AEA68C2D51FB9C004774DC /* ASAIKitDemo */;
		};
/* End PBXFileSystemSynchronizedBuildFileExceptionSet section */

/* Begin PBXFileSystemSynchronizedRootGroup section */
		29AEA6802D51FB7D004774DC /* ASAIKit */ = {
			isa = PBXFileSystemSynchronizedRootGroup;
			exceptions = (
				29AEA6832D51FB7D004774DC /* Exceptions for "ASAIKit" folder in "ASAIKit" target */,
			);
			path = ASAIKit;
			sourceTree = "<group>";
		};
		29AEA68E2D51FB9C004774DC /* ASAIKitDemo */ = {
			isa = PBXFileSystemSynchronizedRootGroup;
			exceptions = (
				29AEA6B42D5202C3004774DC /* Exceptions for "ASAIKitDemo" folder in "ASAIKitDemo" target */,
			);
			path = ASAIKitDemo;
			sourceTree = "<group>";
		};
/* End PBXFileSystemSynchronizedRootGroup section */

/* Begin PBXFrameworksBuildPhase section */
		29AEA67B2D51FB7D004774DC /* Frameworks */ = {
			isa = PBXFrameworksBuildPhase;
			buildActionMask = 2147483647;
			files = (
				CB7E30472D5DCB6800C985BA /* BasicPitch in Frameworks */,
			);
			runOnlyForDeploymentPostprocessing = 0;
		};
		29AEA68A2D51FB9C004774DC /* Frameworks */ = {
			isa = PBXFrameworksBuildPhase;
			buildActionMask = 2147483647;
			files = (
				29AEA6A42D51FD46004774DC /* ASAudioKit.framework in Frameworks */,
				29AEA6AE2D51FE4D004774DC /* FirebaseStorage in Frameworks */,
				29AEA6AC2D51FE4D004774DC /* FirebaseAuth in Frameworks */,
				29AEA6A82D51FD4F004774DC /* ASMusicKit.framework in Frameworks */,
			);
			runOnlyForDeploymentPostprocessing = 0;
		};
/* End PBXFrameworksBuildPhase section */

/* Begin PBXGroup section */
		29AEA6742D51FB7D004774DC = {
			isa = PBXGroup;
			children = (
				29AEA6802D51FB7D004774DC /* ASAIKit */,
				29AEA68E2D51FB9C004774DC /* ASAIKitDemo */,
				29AEA69B2D51FCDA004774DC /* Frameworks */,
				29AEA67F2D51FB7D004774DC /* Products */,
			);
			sourceTree = "<group>";
		};
		29AEA67F2D51FB7D004774DC /* Products */ = {
			isa = PBXGroup;
			children = (
				29AEA67E2D51FB7D004774DC /* ASAIKit.framework */,
				29AEA68D2D51FB9C004774DC /* ASAIKitDemo.app */,
			);
			name = Products;
			sourceTree = "<group>";
		};
		29AEA69B2D51FCDA004774DC /* Frameworks */ = {
			isa = PBXGroup;
			children = (
				29AEA6A72D51FD4F004774DC /* ASMusicKit.framework */,
				29AEA6A32D51FD46004774DC /* ASAudioKit.framework */,
				29AEA6A02D51FCE7004774DC /* ASMusicKit.framework */,
				29AEA69C2D51FCDA004774DC /* ASAudioKit.framework */,
			);
			name = Frameworks;
			sourceTree = "<group>";
		};
/* End PBXGroup section */

/* Begin PBXHeadersBuildPhase section */
		29AEA6792D51FB7D004774DC /* Headers */ = {
			isa = PBXHeadersBuildPhase;
			buildActionMask = 2147483647;
			files = (
			);
			runOnlyForDeploymentPostprocessing = 0;
		};
/* End PBXHeadersBuildPhase section */

/* Begin PBXNativeTarget section */
		29AEA67D2D51FB7D004774DC /* ASAIKit */ = {
			isa = PBXNativeTarget;
			buildConfigurationList = 29AEA6842D51FB7D004774DC /* Build configuration list for PBXNativeTarget "ASAIKit" */;
			buildPhases = (
				29AEA6792D51FB7D004774DC /* Headers */,
				29AEA67A2D51FB7D004774DC /* Sources */,
				29AEA67B2D51FB7D004774DC /* Frameworks */,
				29AEA67C2D51FB7D004774DC /* Resources */,
			);
			buildRules = (
			);
			dependencies = (
			);
			fileSystemSynchronizedGroups = (
				29AEA6802D51FB7D004774DC /* ASAIKit */,
			);
			name = ASAIKit;
			packageProductDependencies = (
				CB7E30462D5DCB6800C985BA /* BasicPitch */,
			);
			productName = ASAIKit;
			productReference = 29AEA67E2D51FB7D004774DC /* ASAIKit.framework */;
			productType = "com.apple.product-type.framework";
		};
		29AEA68C2D51FB9C004774DC /* ASAIKitDemo */ = {
			isa = PBXNativeTarget;
			buildConfigurationList = 29AEA6982D51FB9E004774DC /* Build configuration list for PBXNativeTarget "ASAIKitDemo" */;
			buildPhases = (
				29AEA6892D51FB9C004774DC /* Sources */,
				29AEA68A2D51FB9C004774DC /* Frameworks */,
				29AEA68B2D51FB9C004774DC /* Resources */,
				29AEA6A62D51FD46004774DC /* Embed Frameworks */,
			);
			buildRules = (
			);
			dependencies = (
			);
			fileSystemSynchronizedGroups = (
				29AEA68E2D51FB9C004774DC /* ASAIKitDemo */,
			);
			name = ASAIKitDemo;
			packageProductDependencies = (
				29AEA6AB2D51FE4D004774DC /* FirebaseAuth */,
				29AEA6AD2D51FE4D004774DC /* FirebaseStorage */,
			);
			productName = ASAIKitDemo;
			productReference = 29AEA68D2D51FB9C004774DC /* ASAIKitDemo.app */;
			productType = "com.apple.product-type.application";
		};
/* End PBXNativeTarget section */

/* Begin PBXProject section */
		29AEA6752D51FB7D004774DC /* Project object */ = {
			isa = PBXProject;
			attributes = {
				BuildIndependentTargetsInParallel = 1;
				LastSwiftUpdateCheck = 1620;
				LastUpgradeCheck = 1620;
				TargetAttributes = {
					29AEA67D2D51FB7D004774DC = {
						CreatedOnToolsVersion = 16.2;
					};
					29AEA68C2D51FB9C004774DC = {
						CreatedOnToolsVersion = 16.2;
					};
				};
			};
			buildConfigurationList = 29AEA6782D51FB7D004774DC /* Build configuration list for PBXProject "ASAIKit" */;
			developmentRegion = en;
			hasScannedForEncodings = 0;
			knownRegions = (
				en,
				Base,
			);
			mainGroup = 29AEA6742D51FB7D004774DC;
			minimizedProjectReferenceProxies = 1;
			packageReferences = (
				29AEA6AA2D51FE4D004774DC /* XCRemoteSwiftPackageReference "firebase-ios-sdk" */,
				CB7E30452D5DCB6800C985BA /* XCRemoteSwiftPackageReference "BasicPitchSwift" */,
			);
			preferredProjectObjectVersion = 77;
			productRefGroup = 29AEA67F2D51FB7D004774DC /* Products */;
			projectDirPath = "";
			projectRoot = "";
			targets = (
				29AEA67D2D51FB7D004774DC /* ASAIKit */,
				29AEA68C2D51FB9C004774DC /* ASAIKitDemo */,
			);
		};
/* End PBXProject section */

/* Begin PBXResourcesBuildPhase section */
		29AEA67C2D51FB7D004774DC /* Resources */ = {
			isa = PBXResourcesBuildPhase;
			buildActionMask = 2147483647;
			files = (
			);
			runOnlyForDeploymentPostprocessing = 0;
		};
		29AEA68B2D51FB9C004774DC /* Resources */ = {
			isa = PBXResourcesBuildPhase;
			buildActionMask = 2147483647;
			files = (
			);
			runOnlyForDeploymentPostprocessing = 0;
		};
/* End PBXResourcesBuildPhase section */

/* Begin PBXSourcesBuildPhase section */
		29AEA67A2D51FB7D004774DC /* Sources */ = {
			isa = PBXSourcesBuildPhase;
			buildActionMask = 2147483647;
			files = (
			);
			runOnlyForDeploymentPostprocessing = 0;
		};
		29AEA6892D51FB9C004774DC /* Sources */ = {
			isa = PBXSourcesBuildPhase;
			buildActionMask = 2147483647;
			files = (
			);
			runOnlyForDeploymentPostprocessing = 0;
		};
/* End PBXSourcesBuildPhase section */

/* Begin XCBuildConfiguration section */
		29AEA6852D51FB7D004774DC /* Debug */ = {
			isa = XCBuildConfiguration;
			buildSettings = {
				BUILD_LIBRARY_FOR_DISTRIBUTION = YES;
				CODE_SIGN_STYLE = Automatic;
				CURRENT_PROJECT_VERSION = 1;
				DEFINES_MODULE = YES;
				DEVELOPMENT_TEAM = B3PWYBKFUK;
				DYLIB_COMPATIBILITY_VERSION = 1;
				DYLIB_CURRENT_VERSION = 1;
				DYLIB_INSTALL_NAME_BASE = "@rpath";
				ENABLE_MODULE_VERIFIER = YES;
				GENERATE_INFOPLIST_FILE = YES;
				INFOPLIST_KEY_NSHumanReadableCopyright = "";
				INSTALL_PATH = "$(LOCAL_LIBRARY_DIR)/Frameworks";
				IPHONEOS_DEPLOYMENT_TARGET = 16.6;
				LD_RUNPATH_SEARCH_PATHS = (
					"$(inherited)",
					"@executable_path/Frameworks",
					"@loader_path/Frameworks",
				);
				MARKETING_VERSION = 1.0;
				MODULE_VERIFIER_SUPPORTED_LANGUAGES = "objective-c objective-c++";
				MODULE_VERIFIER_SUPPORTED_LANGUAGE_STANDARDS = "gnu17 gnu++20";
				PRODUCT_BUNDLE_IDENTIFIER = kr.codesquad.boostcamp9.alsongDalsong.ASAIKit;
				PRODUCT_NAME = "$(TARGET_NAME:c99extidentifier)";
				SKIP_INSTALL = YES;
				SWIFT_EMIT_LOC_STRINGS = YES;
				SWIFT_INSTALL_OBJC_HEADER = NO;
				SWIFT_VERSION = 5.0;
				TARGETED_DEVICE_FAMILY = "1,2";
			};
			name = Debug;
		};
		29AEA6862D51FB7D004774DC /* Release */ = {
			isa = XCBuildConfiguration;
			buildSettings = {
				BUILD_LIBRARY_FOR_DISTRIBUTION = YES;
				CODE_SIGN_STYLE = Automatic;
				CURRENT_PROJECT_VERSION = 1;
				DEFINES_MODULE = YES;
				DEVELOPMENT_TEAM = B3PWYBKFUK;
				DYLIB_COMPATIBILITY_VERSION = 1;
				DYLIB_CURRENT_VERSION = 1;
				DYLIB_INSTALL_NAME_BASE = "@rpath";
				ENABLE_MODULE_VERIFIER = YES;
				GENERATE_INFOPLIST_FILE = YES;
				INFOPLIST_KEY_NSHumanReadableCopyright = "";
				INSTALL_PATH = "$(LOCAL_LIBRARY_DIR)/Frameworks";
				IPHONEOS_DEPLOYMENT_TARGET = 16.6;
				LD_RUNPATH_SEARCH_PATHS = (
					"$(inherited)",
					"@executable_path/Frameworks",
					"@loader_path/Frameworks",
				);
				MARKETING_VERSION = 1.0;
				MODULE_VERIFIER_SUPPORTED_LANGUAGES = "objective-c objective-c++";
				MODULE_VERIFIER_SUPPORTED_LANGUAGE_STANDARDS = "gnu17 gnu++20";
				PRODUCT_BUNDLE_IDENTIFIER = kr.codesquad.boostcamp9.alsongDalsong.ASAIKit;
				PRODUCT_NAME = "$(TARGET_NAME:c99extidentifier)";
				SKIP_INSTALL = YES;
				SWIFT_EMIT_LOC_STRINGS = YES;
				SWIFT_INSTALL_OBJC_HEADER = NO;
				SWIFT_VERSION = 5.0;
				TARGETED_DEVICE_FAMILY = "1,2";
			};
			name = Release;
		};
		29AEA6872D51FB7D004774DC /* Debug */ = {
			isa = XCBuildConfiguration;
			buildSettings = {
				ALWAYS_SEARCH_USER_PATHS = NO;
				ASSETCATALOG_COMPILER_GENERATE_SWIFT_ASSET_SYMBOL_EXTENSIONS = YES;
				CLANG_ANALYZER_NONNULL = YES;
				CLANG_ANALYZER_NUMBER_OBJECT_CONVERSION = YES_AGGRESSIVE;
				CLANG_CXX_LANGUAGE_STANDARD = "gnu++20";
				CLANG_ENABLE_MODULES = YES;
				CLANG_ENABLE_OBJC_ARC = YES;
				CLANG_ENABLE_OBJC_WEAK = YES;
				CLANG_WARN_BLOCK_CAPTURE_AUTORELEASING = YES;
				CLANG_WARN_BOOL_CONVERSION = YES;
				CLANG_WARN_COMMA = YES;
				CLANG_WARN_CONSTANT_CONVERSION = YES;
				CLANG_WARN_DEPRECATED_OBJC_IMPLEMENTATIONS = YES;
				CLANG_WARN_DIRECT_OBJC_ISA_USAGE = YES_ERROR;
				CLANG_WARN_DOCUMENTATION_COMMENTS = YES;
				CLANG_WARN_EMPTY_BODY = YES;
				CLANG_WARN_ENUM_CONVERSION = YES;
				CLANG_WARN_INFINITE_RECURSION = YES;
				CLANG_WARN_INT_CONVERSION = YES;
				CLANG_WARN_NON_LITERAL_NULL_CONVERSION = YES;
				CLANG_WARN_OBJC_IMPLICIT_RETAIN_SELF = YES;
				CLANG_WARN_OBJC_LITERAL_CONVERSION = YES;
				CLANG_WARN_OBJC_ROOT_CLASS = YES_ERROR;
				CLANG_WARN_QUOTED_INCLUDE_IN_FRAMEWORK_HEADER = YES;
				CLANG_WARN_RANGE_LOOP_ANALYSIS = YES;
				CLANG_WARN_STRICT_PROTOTYPES = YES;
				CLANG_WARN_SUSPICIOUS_MOVE = YES;
				CLANG_WARN_UNGUARDED_AVAILABILITY = YES_AGGRESSIVE;
				CLANG_WARN_UNREACHABLE_CODE = YES;
				CLANG_WARN__DUPLICATE_METHOD_MATCH = YES;
				COPY_PHASE_STRIP = NO;
				CURRENT_PROJECT_VERSION = 1;
				DEBUG_INFORMATION_FORMAT = dwarf;
				ENABLE_STRICT_OBJC_MSGSEND = YES;
				ENABLE_TESTABILITY = YES;
				ENABLE_USER_SCRIPT_SANDBOXING = YES;
				GCC_C_LANGUAGE_STANDARD = gnu17;
				GCC_DYNAMIC_NO_PIC = NO;
				GCC_NO_COMMON_BLOCKS = YES;
				GCC_OPTIMIZATION_LEVEL = 0;
				GCC_PREPROCESSOR_DEFINITIONS = (
					"DEBUG=1",
					"$(inherited)",
				);
				GCC_WARN_64_TO_32_BIT_CONVERSION = YES;
				GCC_WARN_ABOUT_RETURN_TYPE = YES_ERROR;
				GCC_WARN_UNDECLARED_SELECTOR = YES;
				GCC_WARN_UNINITIALIZED_AUTOS = YES_AGGRESSIVE;
				GCC_WARN_UNUSED_FUNCTION = YES;
				GCC_WARN_UNUSED_VARIABLE = YES;
				IPHONEOS_DEPLOYMENT_TARGET = 18.2;
				LOCALIZATION_PREFERS_STRING_CATALOGS = YES;
				MTL_ENABLE_DEBUG_INFO = INCLUDE_SOURCE;
				MTL_FAST_MATH = YES;
				ONLY_ACTIVE_ARCH = YES;
				SDKROOT = iphoneos;
				SWIFT_ACTIVE_COMPILATION_CONDITIONS = "DEBUG $(inherited)";
				SWIFT_OPTIMIZATION_LEVEL = "-Onone";
				VERSIONING_SYSTEM = "apple-generic";
				VERSION_INFO_PREFIX = "";
			};
			name = Debug;
		};
		29AEA6882D51FB7D004774DC /* Release */ = {
			isa = XCBuildConfiguration;
			buildSettings = {
				ALWAYS_SEARCH_USER_PATHS = NO;
				ASSETCATALOG_COMPILER_GENERATE_SWIFT_ASSET_SYMBOL_EXTENSIONS = YES;
				CLANG_ANALYZER_NONNULL = YES;
				CLANG_ANALYZER_NUMBER_OBJECT_CONVERSION = YES_AGGRESSIVE;
				CLANG_CXX_LANGUAGE_STANDARD = "gnu++20";
				CLANG_ENABLE_MODULES = YES;
				CLANG_ENABLE_OBJC_ARC = YES;
				CLANG_ENABLE_OBJC_WEAK = YES;
				CLANG_WARN_BLOCK_CAPTURE_AUTORELEASING = YES;
				CLANG_WARN_BOOL_CONVERSION = YES;
				CLANG_WARN_COMMA = YES;
				CLANG_WARN_CONSTANT_CONVERSION = YES;
				CLANG_WARN_DEPRECATED_OBJC_IMPLEMENTATIONS = YES;
				CLANG_WARN_DIRECT_OBJC_ISA_USAGE = YES_ERROR;
				CLANG_WARN_DOCUMENTATION_COMMENTS = YES;
				CLANG_WARN_EMPTY_BODY = YES;
				CLANG_WARN_ENUM_CONVERSION = YES;
				CLANG_WARN_INFINITE_RECURSION = YES;
				CLANG_WARN_INT_CONVERSION = YES;
				CLANG_WARN_NON_LITERAL_NULL_CONVERSION = YES;
				CLANG_WARN_OBJC_IMPLICIT_RETAIN_SELF = YES;
				CLANG_WARN_OBJC_LITERAL_CONVERSION = YES;
				CLANG_WARN_OBJC_ROOT_CLASS = YES_ERROR;
				CLANG_WARN_QUOTED_INCLUDE_IN_FRAMEWORK_HEADER = YES;
				CLANG_WARN_RANGE_LOOP_ANALYSIS = YES;
				CLANG_WARN_STRICT_PROTOTYPES = YES;
				CLANG_WARN_SUSPICIOUS_MOVE = YES;
				CLANG_WARN_UNGUARDED_AVAILABILITY = YES_AGGRESSIVE;
				CLANG_WARN_UNREACHABLE_CODE = YES;
				CLANG_WARN__DUPLICATE_METHOD_MATCH = YES;
				COPY_PHASE_STRIP = NO;
				CURRENT_PROJECT_VERSION = 1;
				DEBUG_INFORMATION_FORMAT = "dwarf-with-dsym";
				ENABLE_NS_ASSERTIONS = NO;
				ENABLE_STRICT_OBJC_MSGSEND = YES;
				ENABLE_USER_SCRIPT_SANDBOXING = YES;
				GCC_C_LANGUAGE_STANDARD = gnu17;
				GCC_NO_COMMON_BLOCKS = YES;
				GCC_WARN_64_TO_32_BIT_CONVERSION = YES;
				GCC_WARN_ABOUT_RETURN_TYPE = YES_ERROR;
				GCC_WARN_UNDECLARED_SELECTOR = YES;
				GCC_WARN_UNINITIALIZED_AUTOS = YES_AGGRESSIVE;
				GCC_WARN_UNUSED_FUNCTION = YES;
				GCC_WARN_UNUSED_VARIABLE = YES;
				IPHONEOS_DEPLOYMENT_TARGET = 18.2;
				LOCALIZATION_PREFERS_STRING_CATALOGS = YES;
				MTL_ENABLE_DEBUG_INFO = NO;
				MTL_FAST_MATH = YES;
				SDKROOT = iphoneos;
				SWIFT_COMPILATION_MODE = wholemodule;
				VALIDATE_PRODUCT = YES;
				VERSIONING_SYSTEM = "apple-generic";
				VERSION_INFO_PREFIX = "";
			};
			name = Release;
		};
		29AEA6992D51FB9E004774DC /* Debug */ = {
			isa = XCBuildConfiguration;
			buildSettings = {
				ASSETCATALOG_COMPILER_APPICON_NAME = AppIcon;
				ASSETCATALOG_COMPILER_GLOBAL_ACCENT_COLOR_NAME = AccentColor;
				CODE_SIGN_STYLE = Automatic;
				CURRENT_PROJECT_VERSION = 1;
				DEVELOPMENT_TEAM = B3PWYBKFUK;
				ENABLE_PREVIEWS = YES;
				GENERATE_INFOPLIST_FILE = YES;
				INFOPLIST_FILE = ASAIKitDemo/Resources/Info.plist;
				INFOPLIST_KEY_NSMicrophoneUsageDescription = "당신의 소중한 허밍데이터를 기다립니다.";
				INFOPLIST_KEY_UIApplicationSceneManifest_Generation = YES;
				INFOPLIST_KEY_UIApplicationSupportsIndirectInputEvents = YES;
				INFOPLIST_KEY_UILaunchScreen_Generation = YES;
				INFOPLIST_KEY_UISupportedInterfaceOrientations_iPad = "UIInterfaceOrientationPortrait UIInterfaceOrientationPortraitUpsideDown UIInterfaceOrientationLandscapeLeft UIInterfaceOrientationLandscapeRight";
				INFOPLIST_KEY_UISupportedInterfaceOrientations_iPhone = "UIInterfaceOrientationPortrait UIInterfaceOrientationLandscapeLeft UIInterfaceOrientationLandscapeRight";
				LD_RUNPATH_SEARCH_PATHS = (
					"$(inherited)",
					"@executable_path/Frameworks",
				);
				MARKETING_VERSION = 1.0;
				PRODUCT_BUNDLE_IDENTIFIER = kr.codesquad.boostcamp9.alsongDalsong.ASAIKitDemo;
				PRODUCT_NAME = "$(TARGET_NAME)";
				SWIFT_EMIT_LOC_STRINGS = YES;
				SWIFT_VERSION = 5.0;
				TARGETED_DEVICE_FAMILY = "1,2";
			};
			name = Debug;
		};
		29AEA69A2D51FB9E004774DC /* Release */ = {
			isa = XCBuildConfiguration;
			buildSettings = {
				ASSETCATALOG_COMPILER_APPICON_NAME = AppIcon;
				ASSETCATALOG_COMPILER_GLOBAL_ACCENT_COLOR_NAME = AccentColor;
				CODE_SIGN_STYLE = Automatic;
				CURRENT_PROJECT_VERSION = 1;
				DEVELOPMENT_TEAM = B3PWYBKFUK;
				ENABLE_PREVIEWS = YES;
				GENERATE_INFOPLIST_FILE = YES;
				INFOPLIST_FILE = ASAIKitDemo/Resources/Info.plist;
				INFOPLIST_KEY_NSMicrophoneUsageDescription = "당신의 소중한 허밍데이터를 기다립니다.";
				INFOPLIST_KEY_UIApplicationSceneManifest_Generation = YES;
				INFOPLIST_KEY_UIApplicationSupportsIndirectInputEvents = YES;
				INFOPLIST_KEY_UILaunchScreen_Generation = YES;
				INFOPLIST_KEY_UISupportedInterfaceOrientations_iPad = "UIInterfaceOrientationPortrait UIInterfaceOrientationPortraitUpsideDown UIInterfaceOrientationLandscapeLeft UIInterfaceOrientationLandscapeRight";
				INFOPLIST_KEY_UISupportedInterfaceOrientations_iPhone = "UIInterfaceOrientationPortrait UIInterfaceOrientationLandscapeLeft UIInterfaceOrientationLandscapeRight";
				LD_RUNPATH_SEARCH_PATHS = (
					"$(inherited)",
					"@executable_path/Frameworks",
				);
				MARKETING_VERSION = 1.0;
				PRODUCT_BUNDLE_IDENTIFIER = kr.codesquad.boostcamp9.alsongDalsong.ASAIKitDemo;
				PRODUCT_NAME = "$(TARGET_NAME)";
				SWIFT_EMIT_LOC_STRINGS = YES;
				SWIFT_VERSION = 5.0;
				TARGETED_DEVICE_FAMILY = "1,2";
			};
			name = Release;
		};
/* End XCBuildConfiguration section */

/* Begin XCConfigurationList section */
		29AEA6782D51FB7D004774DC /* Build configuration list for PBXProject "ASAIKit" */ = {
			isa = XCConfigurationList;
			buildConfigurations = (
				29AEA6872D51FB7D004774DC /* Debug */,
				29AEA6882D51FB7D004774DC /* Release */,
			);
			defaultConfigurationIsVisible = 0;
			defaultConfigurationName = Release;
		};
		29AEA6842D51FB7D004774DC /* Build configuration list for PBXNativeTarget "ASAIKit" */ = {
			isa = XCConfigurationList;
			buildConfigurations = (
				29AEA6852D51FB7D004774DC /* Debug */,
				29AEA6862D51FB7D004774DC /* Release */,
			);
			defaultConfigurationIsVisible = 0;
			defaultConfigurationName = Release;
		};
		29AEA6982D51FB9E004774DC /* Build configuration list for PBXNativeTarget "ASAIKitDemo" */ = {
			isa = XCConfigurationList;
			buildConfigurations = (
				29AEA6992D51FB9E004774DC /* Debug */,
				29AEA69A2D51FB9E004774DC /* Release */,
			);
			defaultConfigurationIsVisible = 0;
			defaultConfigurationName = Release;
		};
/* End XCConfigurationList section */

/* Begin XCRemoteSwiftPackageReference section */
		29AEA6AA2D51FE4D004774DC /* XCRemoteSwiftPackageReference "firebase-ios-sdk" */ = {
			isa = XCRemoteSwiftPackageReference;
			repositoryURL = "https://github.com/firebase/firebase-ios-sdk";
			requirement = {
				kind = upToNextMajorVersion;
				minimumVersion = 11.8.0;
			};
		};
		CB7E30452D5DCB6800C985BA /* XCRemoteSwiftPackageReference "BasicPitchSwift" */ = {
			isa = XCRemoteSwiftPackageReference;
			repositoryURL = "https://github.com/zhangyufei49/BasicPitchSwift";
			requirement = {
				kind = upToNextMajorVersion;
				minimumVersion = 1.0.5;
			};
		};
/* End XCRemoteSwiftPackageReference section */

/* Begin XCSwiftPackageProductDependency section */
		29AEA6AB2D51FE4D004774DC /* FirebaseAuth */ = {
			isa = XCSwiftPackageProductDependency;
			package = 29AEA6AA2D51FE4D004774DC /* XCRemoteSwiftPackageReference "firebase-ios-sdk" */;
			productName = FirebaseAuth;
		};
		29AEA6AD2D51FE4D004774DC /* FirebaseStorage */ = {
			isa = XCSwiftPackageProductDependency;
			package = 29AEA6AA2D51FE4D004774DC /* XCRemoteSwiftPackageReference "firebase-ios-sdk" */;
			productName = FirebaseStorage;
		};
		CB7E30462D5DCB6800C985BA /* BasicPitch */ = {
			isa = XCSwiftPackageProductDependency;
			package = CB7E30452D5DCB6800C985BA /* XCRemoteSwiftPackageReference "BasicPitchSwift" */;
			productName = BasicPitch;
		};
/* End XCSwiftPackageProductDependency section */
	};
	rootObject = 29AEA6752D51FB7D004774DC /* Project object */;
}
