// !$*UTF8*$!
{
	archiveVersion = 1;
	classes = {
	};
	objectVersion = 77;
	objects = {

/* Begin PBXBuildFile section */
		169725522CE5F817005B4953 /* FirebaseAuth in Frameworks */ = {isa = PBXBuildFile; productRef = 169725512CE5F817005B4953 /* FirebaseAuth */; };
		169725542CE5F817005B4953 /* FirebaseDatabase in Frameworks */ = {isa = PBXBuildFile; productRef = 169725532CE5F817005B4953 /* FirebaseDatabase */; };
		169725562CE5F817005B4953 /* FirebaseFirestore in Frameworks */ = {isa = PBXBuildFile; productRef = 169725552CE5F817005B4953 /* FirebaseFirestore */; };
		169726A62CE63DCD005B4953 /* ASEntity.framework in Frameworks */ = {isa = PBXBuildFile; fileRef = 1697246A2CE5F44F005B4953 /* ASEntity.framework */; };
		169726A72CE63DCD005B4953 /* ASEntity.framework in Embed Frameworks */ = {isa = PBXBuildFile; fileRef = 1697246A2CE5F44F005B4953 /* ASEntity.framework */; settings = {ATTRIBUTES = (CodeSignOnCopy, RemoveHeadersOnCopy, ); }; };
		169726AA2CE6401B005B4953 /* ASNetworkKit.framework in Frameworks */ = {isa = PBXBuildFile; fileRef = 1B10CADB2CE4C13F002A5B8F /* ASNetworkKit.framework */; };
		169726AB2CE6401B005B4953 /* ASNetworkKit.framework in Embed Frameworks */ = {isa = PBXBuildFile; fileRef = 1B10CADB2CE4C13F002A5B8F /* ASNetworkKit.framework */; settings = {ATTRIBUTES = (CodeSignOnCopy, RemoveHeadersOnCopy, ); }; };
		169726AD2CE6403F005B4953 /* ASEntity.framework in Frameworks */ = {isa = PBXBuildFile; fileRef = 1697246A2CE5F44F005B4953 /* ASEntity.framework */; };
		169726AE2CE6403F005B4953 /* ASEntity.framework in Embed Frameworks */ = {isa = PBXBuildFile; fileRef = 1697246A2CE5F44F005B4953 /* ASEntity.framework */; settings = {ATTRIBUTES = (CodeSignOnCopy, RemoveHeadersOnCopy, ); }; };
		169727702CE65D99005B4953 /* ASEncoder.framework in Frameworks */ = {isa = PBXBuildFile; fileRef = 1697276D2CE65D89005B4953 /* ASEncoder.framework */; };
		169727712CE65D99005B4953 /* ASEncoder.framework in Embed Frameworks */ = {isa = PBXBuildFile; fileRef = 1697276D2CE65D89005B4953 /* ASEncoder.framework */; settings = {ATTRIBUTES = (CodeSignOnCopy, RemoveHeadersOnCopy, ); }; };
		1697277B2CE66283005B4953 /* ASDecoder.framework in Frameworks */ = {isa = PBXBuildFile; fileRef = 169727782CE6627F005B4953 /* ASDecoder.framework */; };
		1697277C2CE66283005B4953 /* ASDecoder.framework in Embed Frameworks */ = {isa = PBXBuildFile; fileRef = 169727782CE6627F005B4953 /* ASDecoder.framework */; settings = {ATTRIBUTES = (CodeSignOnCopy, RemoveHeadersOnCopy, ); }; };
		169C06272CEC61030084B082 /* FirebaseStorage in Frameworks */ = {isa = PBXBuildFile; productRef = 169C06262CEC61030084B082 /* FirebaseStorage */; };
		16DE64432CEE211C00DFC48F /* ASContainer.framework in Frameworks */ = {isa = PBXBuildFile; fileRef = 16DE64422CEE211100DFC48F /* ASContainer.framework */; };
		16DE64442CEE211C00DFC48F /* ASContainer.framework in Embed Frameworks */ = {isa = PBXBuildFile; fileRef = 16DE64422CEE211100DFC48F /* ASContainer.framework */; settings = {ATTRIBUTES = (CodeSignOnCopy, RemoveHeadersOnCopy, ); }; };
		1B783B6C2CE4F04E005511AE /* ASNetworkKit.framework in Frameworks */ = {isa = PBXBuildFile; fileRef = 1B10CADB2CE4C13F002A5B8F /* ASNetworkKit.framework */; };
		1BF1CB722CEA52D40003EED9 /* ASCacheKitProtocol.framework in Frameworks */ = {isa = PBXBuildFile; fileRef = 1BF1CB712CEA52D40003EED9 /* ASCacheKitProtocol.framework */; };
		1BF1CB732CEA52D40003EED9 /* ASCacheKitProtocol.framework in Embed Frameworks */ = {isa = PBXBuildFile; fileRef = 1BF1CB712CEA52D40003EED9 /* ASCacheKitProtocol.framework */; settings = {ATTRIBUTES = (CodeSignOnCopy, RemoveHeadersOnCopy, ); }; };
		8D64F8DD2CEA05A90069B77F /* ASDecoder.framework in Frameworks */ = {isa = PBXBuildFile; fileRef = 169727782CE6627F005B4953 /* ASDecoder.framework */; };
		8D64F8DE2CEA05AA0069B77F /* ASDecoder.framework in Embed Frameworks */ = {isa = PBXBuildFile; fileRef = 169727782CE6627F005B4953 /* ASDecoder.framework */; settings = {ATTRIBUTES = (CodeSignOnCopy, RemoveHeadersOnCopy, ); }; };
/* End PBXBuildFile section */

/* Begin PBXContainerItemProxy section */
		169724692CE5F44F005B4953 /* PBXContainerItemProxy */ = {
			isa = PBXContainerItemProxy;
			containerPortal = 169724552CE5F44E005B4953 /* ASEntity.xcodeproj */;
			proxyType = 2;
			remoteGlobalIDString = 1B9D3FF12CE3AD62004C79EE;
			remoteInfo = ASEntity;
		};
		1697276C2CE65D89005B4953 /* PBXContainerItemProxy */ = {
			isa = PBXContainerItemProxy;
			containerPortal = 169727672CE65D89005B4953 /* ASEncoder.xcodeproj */;
			proxyType = 2;
			remoteGlobalIDString = 1B702E2F2CE5152600124F73;
			remoteInfo = ASEncoder;
		};
		169727772CE6627F005B4953 /* PBXContainerItemProxy */ = {
			isa = PBXContainerItemProxy;
			containerPortal = 169727722CE6627F005B4953 /* ASDecoder.xcodeproj */;
			proxyType = 2;
			remoteGlobalIDString = 1B702E612CE5193F00124F73;
			remoteInfo = ASDecoder;
		};
		16DE64412CEE211100DFC48F /* PBXContainerItemProxy */ = {
			isa = PBXContainerItemProxy;
			containerPortal = 16DE643D2CEE211100DFC48F /* ASContainer.xcodeproj */;
			proxyType = 2;
			remoteGlobalIDString = 16DE63F52CEE02AC00DFC48F;
			remoteInfo = ASContainer;
		};
		16F8B8A82CE5E50C0059F22A /* PBXContainerItemProxy */ = {
			isa = PBXContainerItemProxy;
			containerPortal = 1B10CAD22CE4C13F002A5B8F /* Project object */;
			proxyType = 1;
			remoteGlobalIDString = 1B10CADA2CE4C13F002A5B8F;
			remoteInfo = ASNetworkKit;
		};
		1B783B6D2CE4F04E005511AE /* PBXContainerItemProxy */ = {
			isa = PBXContainerItemProxy;
			containerPortal = 1B10CAD22CE4C13F002A5B8F /* Project object */;
			proxyType = 1;
			remoteGlobalIDString = 1B10CADA2CE4C13F002A5B8F;
			remoteInfo = ASNetworkKit;
		};
/* End PBXContainerItemProxy section */

/* Begin PBXCopyFilesBuildPhase section */
		169726A82CE63DCD005B4953 /* Embed Frameworks */ = {
			isa = PBXCopyFilesBuildPhase;
			buildActionMask = 12;
			dstPath = "";
			dstSubfolderSpec = 10;
			files = (
				1BF1CB732CEA52D40003EED9 /* ASCacheKitProtocol.framework in Embed Frameworks */,
				16DE64442CEE211C00DFC48F /* ASContainer.framework in Embed Frameworks */,
				169726A72CE63DCD005B4953 /* ASEntity.framework in Embed Frameworks */,
				8D64F8DE2CEA05AA0069B77F /* ASDecoder.framework in Embed Frameworks */,
				169727712CE65D99005B4953 /* ASEncoder.framework in Embed Frameworks */,
			);
			name = "Embed Frameworks";
			runOnlyForDeploymentPostprocessing = 0;
		};
		169726AC2CE6401B005B4953 /* Embed Frameworks */ = {
			isa = PBXCopyFilesBuildPhase;
			buildActionMask = 2147483647;
			dstPath = "";
			dstSubfolderSpec = 10;
			files = (
				169726AB2CE6401B005B4953 /* ASNetworkKit.framework in Embed Frameworks */,
				1697277C2CE66283005B4953 /* ASDecoder.framework in Embed Frameworks */,
				169726AE2CE6403F005B4953 /* ASEntity.framework in Embed Frameworks */,
			);
			name = "Embed Frameworks";
			runOnlyForDeploymentPostprocessing = 0;
		};
/* End PBXCopyFilesBuildPhase section */

/* Begin PBXFileReference section */
		169724552CE5F44E005B4953 /* ASEntity.xcodeproj */ = {isa = PBXFileReference; lastKnownFileType = "wrapper.pb-project"; name = ASEntity.xcodeproj; path = ../ASEntity/ASEntity.xcodeproj; sourceTree = "<group>"; };
		169727672CE65D89005B4953 /* ASEncoder.xcodeproj */ = {isa = PBXFileReference; lastKnownFileType = "wrapper.pb-project"; name = ASEncoder.xcodeproj; path = ../ASEncoder/ASEncoder.xcodeproj; sourceTree = "<group>"; };
		169727722CE6627F005B4953 /* ASDecoder.xcodeproj */ = {isa = PBXFileReference; lastKnownFileType = "wrapper.pb-project"; name = ASDecoder.xcodeproj; path = ../ASDecoder/ASDecoder.xcodeproj; sourceTree = "<group>"; };
		16DE643D2CEE211100DFC48F /* ASContainer.xcodeproj */ = {isa = PBXFileReference; lastKnownFileType = "wrapper.pb-project"; name = ASContainer.xcodeproj; path = ../ASContainer/ASContainer.xcodeproj; sourceTree = "<group>"; };
		16F8B8902CE5E4FD0059F22A /* ASFirebaseDemo.app */ = {isa = PBXFileReference; explicitFileType = wrapper.application; includeInIndex = 0; path = ASFirebaseDemo.app; sourceTree = BUILT_PRODUCTS_DIR; };
		1B10CADB2CE4C13F002A5B8F /* ASNetworkKit.framework */ = {isa = PBXFileReference; explicitFileType = wrapper.framework; includeInIndex = 0; path = ASNetworkKit.framework; sourceTree = BUILT_PRODUCTS_DIR; };
		1B783B682CE4F04E005511AE /* ASNetworkKitTests.xctest */ = {isa = PBXFileReference; explicitFileType = wrapper.cfbundle; includeInIndex = 0; path = ASNetworkKitTests.xctest; sourceTree = BUILT_PRODUCTS_DIR; };
		1BF1CB712CEA52D40003EED9 /* ASCacheKitProtocol.framework */ = {isa = PBXFileReference; explicitFileType = wrapper.framework; path = ASCacheKitProtocol.framework; sourceTree = BUILT_PRODUCTS_DIR; };
/* End PBXFileReference section */

/* Begin PBXFileSystemSynchronizedBuildFileExceptionSet section */
		16DE643C2CEE207900DFC48F /* Exceptions for "ASNetworkKit" folder in "ASFirebaseDemo" target */ = {
			isa = PBXFileSystemSynchronizedBuildFileExceptionSet;
			membershipExceptions = (
				NetworkAssembly.swift,
			);
			target = 16F8B88F2CE5E4FD0059F22A /* ASFirebaseDemo */;
		};
		16F8B8A12CE5E4FE0059F22A /* Exceptions for "ASFirebaseDemo" folder in "ASFirebaseDemo" target */ = {
			isa = PBXFileSystemSynchronizedBuildFileExceptionSet;
			membershipExceptions = (
				Resources/Info.plist,
			);
			target = 16F8B88F2CE5E4FD0059F22A /* ASFirebaseDemo */;
		};
/* End PBXFileSystemSynchronizedBuildFileExceptionSet section */

/* Begin PBXFileSystemSynchronizedRootGroup section */
		16F8B8912CE5E4FD0059F22A /* ASFirebaseDemo */ = {
			isa = PBXFileSystemSynchronizedRootGroup;
			exceptions = (
				16F8B8A12CE5E4FE0059F22A /* Exceptions for "ASFirebaseDemo" folder in "ASFirebaseDemo" target */,
			);
			path = ASFirebaseDemo;
			sourceTree = "<group>";
		};
		1B10CADD2CE4C13F002A5B8F /* ASNetworkKit */ = {
			isa = PBXFileSystemSynchronizedRootGroup;
			exceptions = (
				16DE643C2CEE207900DFC48F /* Exceptions for "ASNetworkKit" folder in "ASFirebaseDemo" target */,
			);
			path = ASNetworkKit;
			sourceTree = "<group>";
		};
		1B783B692CE4F04E005511AE /* ASNetworkKitTests */ = {
			isa = PBXFileSystemSynchronizedRootGroup;
			path = ASNetworkKitTests;
			sourceTree = "<group>";
		};
/* End PBXFileSystemSynchronizedRootGroup section */

/* Begin PBXFrameworksBuildPhase section */
		16F8B88D2CE5E4FD0059F22A /* Frameworks */ = {
			isa = PBXFrameworksBuildPhase;
			buildActionMask = 2147483647;
			files = (
				169726AA2CE6401B005B4953 /* ASNetworkKit.framework in Frameworks */,
				1697277B2CE66283005B4953 /* ASDecoder.framework in Frameworks */,
				169726AD2CE6403F005B4953 /* ASEntity.framework in Frameworks */,
			);
			runOnlyForDeploymentPostprocessing = 0;
		};
		1B10CAD82CE4C13F002A5B8F /* Frameworks */ = {
			isa = PBXFrameworksBuildPhase;
			buildActionMask = 2147483647;
			files = (
				1BF1CB722CEA52D40003EED9 /* ASCacheKitProtocol.framework in Frameworks */,
				169725542CE5F817005B4953 /* FirebaseDatabase in Frameworks */,
				8D64F8DD2CEA05A90069B77F /* ASDecoder.framework in Frameworks */,
				16DE64432CEE211C00DFC48F /* ASContainer.framework in Frameworks */,
				169727702CE65D99005B4953 /* ASEncoder.framework in Frameworks */,
				169725562CE5F817005B4953 /* FirebaseFirestore in Frameworks */,
				169C06272CEC61030084B082 /* FirebaseStorage in Frameworks */,
				169725522CE5F817005B4953 /* FirebaseAuth in Frameworks */,
				169726A62CE63DCD005B4953 /* ASEntity.framework in Frameworks */,
			);
			runOnlyForDeploymentPostprocessing = 0;
		};
		1B783B652CE4F04E005511AE /* Frameworks */ = {
			isa = PBXFrameworksBuildPhase;
			buildActionMask = 2147483647;
			files = (
				1B783B6C2CE4F04E005511AE /* ASNetworkKit.framework in Frameworks */,
			);
			runOnlyForDeploymentPostprocessing = 0;
		};
/* End PBXFrameworksBuildPhase section */

/* Begin PBXGroup section */
		169724562CE5F44E005B4953 /* Products */ = {
			isa = PBXGroup;
			children = (
				1697246A2CE5F44F005B4953 /* ASEntity.framework */,
			);
			name = Products;
			sourceTree = "<group>";
		};
		169727682CE65D89005B4953 /* Products */ = {
			isa = PBXGroup;
			children = (
				1697276D2CE65D89005B4953 /* ASEncoder.framework */,
			);
			name = Products;
			sourceTree = "<group>";
		};
		169727732CE6627F005B4953 /* Products */ = {
			isa = PBXGroup;
			children = (
				169727782CE6627F005B4953 /* ASDecoder.framework */,
			);
			name = Products;
			sourceTree = "<group>";
		};
		16DE643E2CEE211100DFC48F /* Products */ = {
			isa = PBXGroup;
			children = (
				16DE64422CEE211100DFC48F /* ASContainer.framework */,
			);
			name = Products;
			sourceTree = "<group>";
		};
		16F8B8A52CE5E50C0059F22A /* Frameworks */ = {
			isa = PBXGroup;
			children = (
				16DE643D2CEE211100DFC48F /* ASContainer.xcodeproj */,
				1BF1CB712CEA52D40003EED9 /* ASCacheKitProtocol.framework */,
				169727722CE6627F005B4953 /* ASDecoder.xcodeproj */,
				169727672CE65D89005B4953 /* ASEncoder.xcodeproj */,
				169724552CE5F44E005B4953 /* ASEntity.xcodeproj */,
			);
			name = Frameworks;
			sourceTree = "<group>";
		};
		1B10CAD12CE4C13F002A5B8F = {
			isa = PBXGroup;
			children = (
				1B10CADD2CE4C13F002A5B8F /* ASNetworkKit */,
				1B783B692CE4F04E005511AE /* ASNetworkKitTests */,
				16F8B8912CE5E4FD0059F22A /* ASFirebaseDemo */,
				16F8B8A52CE5E50C0059F22A /* Frameworks */,
				1B10CADC2CE4C13F002A5B8F /* Products */,
			);
			sourceTree = "<group>";
		};
		1B10CADC2CE4C13F002A5B8F /* Products */ = {
			isa = PBXGroup;
			children = (
				1B10CADB2CE4C13F002A5B8F /* ASNetworkKit.framework */,
				1B783B682CE4F04E005511AE /* ASNetworkKitTests.xctest */,
				16F8B8902CE5E4FD0059F22A /* ASFirebaseDemo.app */,
			);
			name = Products;
			sourceTree = "<group>";
		};
/* End PBXGroup section */

/* Begin PBXHeadersBuildPhase section */
		1B10CAD62CE4C13F002A5B8F /* Headers */ = {
			isa = PBXHeadersBuildPhase;
			buildActionMask = 2147483647;
			files = (
			);
			runOnlyForDeploymentPostprocessing = 0;
		};
/* End PBXHeadersBuildPhase section */

/* Begin PBXNativeTarget section */
		16F8B88F2CE5E4FD0059F22A /* ASFirebaseDemo */ = {
			isa = PBXNativeTarget;
			buildConfigurationList = 16F8B8A22CE5E4FE0059F22A /* Build configuration list for PBXNativeTarget "ASFirebaseDemo" */;
			buildPhases = (
				16F8B88C2CE5E4FD0059F22A /* Sources */,
				16F8B88D2CE5E4FD0059F22A /* Frameworks */,
				16F8B88E2CE5E4FD0059F22A /* Resources */,
				169726AC2CE6401B005B4953 /* Embed Frameworks */,
			);
			buildRules = (
			);
			dependencies = (
				16F8B8A92CE5E50C0059F22A /* PBXTargetDependency */,
			);
			fileSystemSynchronizedGroups = (
				16F8B8912CE5E4FD0059F22A /* ASFirebaseDemo */,
			);
			name = ASFirebaseDemo;
			packageProductDependencies = (
			);
			productName = ASFirebaseDemo;
			productReference = 16F8B8902CE5E4FD0059F22A /* ASFirebaseDemo.app */;
			productType = "com.apple.product-type.application";
		};
		1B10CADA2CE4C13F002A5B8F /* ASNetworkKit */ = {
			isa = PBXNativeTarget;
			buildConfigurationList = 1B10CAE12CE4C13F002A5B8F /* Build configuration list for PBXNativeTarget "ASNetworkKit" */;
			buildPhases = (
				1B10CAD62CE4C13F002A5B8F /* Headers */,
				1B10CAD72CE4C13F002A5B8F /* Sources */,
				1B10CAD82CE4C13F002A5B8F /* Frameworks */,
				1B10CAD92CE4C13F002A5B8F /* Resources */,
				169726A82CE63DCD005B4953 /* Embed Frameworks */,
			);
			buildRules = (
			);
			dependencies = (
			);
			fileSystemSynchronizedGroups = (
				1B10CADD2CE4C13F002A5B8F /* ASNetworkKit */,
			);
			name = ASNetworkKit;
			packageProductDependencies = (
				169725512CE5F817005B4953 /* FirebaseAuth */,
				169725532CE5F817005B4953 /* FirebaseDatabase */,
				169725552CE5F817005B4953 /* FirebaseFirestore */,
				169C06262CEC61030084B082 /* FirebaseStorage */,
			);
			productName = ASNetworkKit;
			productReference = 1B10CADB2CE4C13F002A5B8F /* ASNetworkKit.framework */;
			productType = "com.apple.product-type.framework";
		};
		1B783B672CE4F04E005511AE /* ASNetworkKitTests */ = {
			isa = PBXNativeTarget;
			buildConfigurationList = 1B783B6F2CE4F04E005511AE /* Build configuration list for PBXNativeTarget "ASNetworkKitTests" */;
			buildPhases = (
				1B783B642CE4F04E005511AE /* Sources */,
				1B783B652CE4F04E005511AE /* Frameworks */,
				1B783B662CE4F04E005511AE /* Resources */,
			);
			buildRules = (
			);
			dependencies = (
				1B783B6E2CE4F04E005511AE /* PBXTargetDependency */,
			);
			fileSystemSynchronizedGroups = (
				1B783B692CE4F04E005511AE /* ASNetworkKitTests */,
			);
			name = ASNetworkKitTests;
			packageProductDependencies = (
			);
			productName = ASNetworkKitTests;
			productReference = 1B783B682CE4F04E005511AE /* ASNetworkKitTests.xctest */;
			productType = "com.apple.product-type.bundle.unit-test";
		};
/* End PBXNativeTarget section */

/* Begin PBXProject section */
		1B10CAD22CE4C13F002A5B8F /* Project object */ = {
			isa = PBXProject;
			attributes = {
				BuildIndependentTargetsInParallel = 1;
				LastSwiftUpdateCheck = 1600;
				LastUpgradeCheck = 1610;
				TargetAttributes = {
					16F8B88F2CE5E4FD0059F22A = {
						CreatedOnToolsVersion = 16.0;
					};
					1B10CADA2CE4C13F002A5B8F = {
						CreatedOnToolsVersion = 16.1;
						LastSwiftMigration = 1610;
					};
					1B783B672CE4F04E005511AE = {
						CreatedOnToolsVersion = 16.1;
					};
				};
			};
			buildConfigurationList = 1B10CAD52CE4C13F002A5B8F /* Build configuration list for PBXProject "ASNetworkKit" */;
			developmentRegion = ko;
			hasScannedForEncodings = 0;
			knownRegions = (
				en,
				Base,
				ko,
			);
			mainGroup = 1B10CAD12CE4C13F002A5B8F;
			minimizedProjectReferenceProxies = 1;
			packageReferences = (
				169725502CE5F817005B4953 /* XCRemoteSwiftPackageReference "firebase-ios-sdk" */,
			);
			preferredProjectObjectVersion = 77;
			productRefGroup = 1B10CADC2CE4C13F002A5B8F /* Products */;
			projectDirPath = "";
			projectReferences = (
				{
					ProductGroup = 16DE643E2CEE211100DFC48F /* Products */;
					ProjectRef = 16DE643D2CEE211100DFC48F /* ASContainer.xcodeproj */;
				},
				{
					ProductGroup = 169727732CE6627F005B4953 /* Products */;
					ProjectRef = 169727722CE6627F005B4953 /* ASDecoder.xcodeproj */;
				},
				{
					ProductGroup = 169727682CE65D89005B4953 /* Products */;
					ProjectRef = 169727672CE65D89005B4953 /* ASEncoder.xcodeproj */;
				},
				{
					ProductGroup = 169724562CE5F44E005B4953 /* Products */;
					ProjectRef = 169724552CE5F44E005B4953 /* ASEntity.xcodeproj */;
				},
			);
			projectRoot = "";
			targets = (
				1B10CADA2CE4C13F002A5B8F /* ASNetworkKit */,
				1B783B672CE4F04E005511AE /* ASNetworkKitTests */,
				16F8B88F2CE5E4FD0059F22A /* ASFirebaseDemo */,
			);
		};
/* End PBXProject section */

/* Begin PBXReferenceProxy section */
		1697246A2CE5F44F005B4953 /* ASEntity.framework */ = {
			isa = PBXReferenceProxy;
			fileType = wrapper.framework;
			path = ASEntity.framework;
			remoteRef = 169724692CE5F44F005B4953 /* PBXContainerItemProxy */;
			sourceTree = BUILT_PRODUCTS_DIR;
		};
		1697276D2CE65D89005B4953 /* ASEncoder.framework */ = {
			isa = PBXReferenceProxy;
			fileType = wrapper.framework;
			path = ASEncoder.framework;
			remoteRef = 1697276C2CE65D89005B4953 /* PBXContainerItemProxy */;
			sourceTree = BUILT_PRODUCTS_DIR;
		};
		169727782CE6627F005B4953 /* ASDecoder.framework */ = {
			isa = PBXReferenceProxy;
			fileType = wrapper.framework;
			path = ASDecoder.framework;
			remoteRef = 169727772CE6627F005B4953 /* PBXContainerItemProxy */;
			sourceTree = BUILT_PRODUCTS_DIR;
		};
		16DE64422CEE211100DFC48F /* ASContainer.framework */ = {
			isa = PBXReferenceProxy;
			fileType = wrapper.framework;
			path = ASContainer.framework;
			remoteRef = 16DE64412CEE211100DFC48F /* PBXContainerItemProxy */;
			sourceTree = BUILT_PRODUCTS_DIR;
		};
/* End PBXReferenceProxy section */

/* Begin PBXResourcesBuildPhase section */
		16F8B88E2CE5E4FD0059F22A /* Resources */ = {
			isa = PBXResourcesBuildPhase;
			buildActionMask = 2147483647;
			files = (
			);
			runOnlyForDeploymentPostprocessing = 0;
		};
		1B10CAD92CE4C13F002A5B8F /* Resources */ = {
			isa = PBXResourcesBuildPhase;
			buildActionMask = 2147483647;
			files = (
			);
			runOnlyForDeploymentPostprocessing = 0;
		};
		1B783B662CE4F04E005511AE /* Resources */ = {
			isa = PBXResourcesBuildPhase;
			buildActionMask = 2147483647;
			files = (
			);
			runOnlyForDeploymentPostprocessing = 0;
		};
/* End PBXResourcesBuildPhase section */

/* Begin PBXSourcesBuildPhase section */
		16F8B88C2CE5E4FD0059F22A /* Sources */ = {
			isa = PBXSourcesBuildPhase;
			buildActionMask = 2147483647;
			files = (
			);
			runOnlyForDeploymentPostprocessing = 0;
		};
		1B10CAD72CE4C13F002A5B8F /* Sources */ = {
			isa = PBXSourcesBuildPhase;
			buildActionMask = 2147483647;
			files = (
			);
			runOnlyForDeploymentPostprocessing = 0;
		};
		1B783B642CE4F04E005511AE /* Sources */ = {
			isa = PBXSourcesBuildPhase;
			buildActionMask = 2147483647;
			files = (
			);
			runOnlyForDeploymentPostprocessing = 0;
		};
/* End PBXSourcesBuildPhase section */

/* Begin PBXTargetDependency section */
		16F8B8A92CE5E50C0059F22A /* PBXTargetDependency */ = {
			isa = PBXTargetDependency;
			target = 1B10CADA2CE4C13F002A5B8F /* ASNetworkKit */;
			targetProxy = 16F8B8A82CE5E50C0059F22A /* PBXContainerItemProxy */;
		};
		1B783B6E2CE4F04E005511AE /* PBXTargetDependency */ = {
			isa = PBXTargetDependency;
			target = 1B10CADA2CE4C13F002A5B8F /* ASNetworkKit */;
			targetProxy = 1B783B6D2CE4F04E005511AE /* PBXContainerItemProxy */;
		};
/* End PBXTargetDependency section */

/* Begin XCBuildConfiguration section */
		16F8B8A32CE5E4FE0059F22A /* Debug */ = {
			isa = XCBuildConfiguration;
			baseConfigurationReferenceAnchor = 16F8B8912CE5E4FD0059F22A /* ASFirebaseDemo */;
			baseConfigurationReferenceRelativePath = Resources/Secret.xcconfig;
			buildSettings = {
				ASSETCATALOG_COMPILER_APPICON_NAME = AppIcon;
				ASSETCATALOG_COMPILER_GLOBAL_ACCENT_COLOR_NAME = AccentColor;
				CODE_SIGN_STYLE = Automatic;
				CURRENT_PROJECT_VERSION = 1;
				DEVELOPMENT_TEAM = B3PWYBKFUK;
				GENERATE_INFOPLIST_FILE = YES;
				INFOPLIST_FILE = ASFirebaseDemo/Resources/Info.plist;
				INFOPLIST_KEY_UIApplicationSupportsIndirectInputEvents = YES;
				INFOPLIST_KEY_UILaunchStoryboardName = LaunchScreen;
				INFOPLIST_KEY_UISupportedInterfaceOrientations_iPad = "UIInterfaceOrientationPortrait UIInterfaceOrientationPortraitUpsideDown UIInterfaceOrientationLandscapeLeft UIInterfaceOrientationLandscapeRight";
				INFOPLIST_KEY_UISupportedInterfaceOrientations_iPhone = "UIInterfaceOrientationPortrait UIInterfaceOrientationLandscapeLeft UIInterfaceOrientationLandscapeRight";
				IPHONEOS_DEPLOYMENT_TARGET = 16.6;
				LD_RUNPATH_SEARCH_PATHS = (
					"$(inherited)",
					"@executable_path/Frameworks",
				);
				MARKETING_VERSION = 1.0;
				PRODUCT_BUNDLE_IDENTIFIER = kr.codesquad.boostcamp9.alsongDalsong.ASFirebaseDemo;
				PRODUCT_NAME = "$(TARGET_NAME)";
				SUPPORTED_PLATFORMS = "iphoneos iphonesimulator";
				SUPPORTS_MACCATALYST = NO;
				SUPPORTS_MAC_DESIGNED_FOR_IPHONE_IPAD = NO;
				SUPPORTS_XR_DESIGNED_FOR_IPHONE_IPAD = NO;
				SWIFT_EMIT_LOC_STRINGS = YES;
				SWIFT_VERSION = 5.0;
				TARGETED_DEVICE_FAMILY = "1,2";
			};
			name = Debug;
		};
		16F8B8A42CE5E4FE0059F22A /* Release */ = {
			isa = XCBuildConfiguration;
			baseConfigurationReferenceAnchor = 16F8B8912CE5E4FD0059F22A /* ASFirebaseDemo */;
			baseConfigurationReferenceRelativePath = Resources/Secret.xcconfig;
			buildSettings = {
				ASSETCATALOG_COMPILER_APPICON_NAME = AppIcon;
				ASSETCATALOG_COMPILER_GLOBAL_ACCENT_COLOR_NAME = AccentColor;
				CODE_SIGN_STYLE = Automatic;
				CURRENT_PROJECT_VERSION = 1;
				DEVELOPMENT_TEAM = B3PWYBKFUK;
				GENERATE_INFOPLIST_FILE = YES;
				INFOPLIST_FILE = ASFirebaseDemo/Resources/Info.plist;
				INFOPLIST_KEY_UIApplicationSupportsIndirectInputEvents = YES;
				INFOPLIST_KEY_UILaunchStoryboardName = LaunchScreen;
				INFOPLIST_KEY_UISupportedInterfaceOrientations_iPad = "UIInterfaceOrientationPortrait UIInterfaceOrientationPortraitUpsideDown UIInterfaceOrientationLandscapeLeft UIInterfaceOrientationLandscapeRight";
				INFOPLIST_KEY_UISupportedInterfaceOrientations_iPhone = "UIInterfaceOrientationPortrait UIInterfaceOrientationLandscapeLeft UIInterfaceOrientationLandscapeRight";
				IPHONEOS_DEPLOYMENT_TARGET = 16.6;
				LD_RUNPATH_SEARCH_PATHS = (
					"$(inherited)",
					"@executable_path/Frameworks",
				);
				MARKETING_VERSION = 1.0;
				PRODUCT_BUNDLE_IDENTIFIER = kr.codesquad.boostcamp9.alsongDalsong.ASFirebaseDemo;
				PRODUCT_NAME = "$(TARGET_NAME)";
				SUPPORTED_PLATFORMS = "iphoneos iphonesimulator";
				SUPPORTS_MACCATALYST = NO;
				SUPPORTS_MAC_DESIGNED_FOR_IPHONE_IPAD = NO;
				SUPPORTS_XR_DESIGNED_FOR_IPHONE_IPAD = NO;
				SWIFT_EMIT_LOC_STRINGS = YES;
				SWIFT_VERSION = 5.0;
				TARGETED_DEVICE_FAMILY = "1,2";
			};
			name = Release;
		};
		1B10CAE22CE4C13F002A5B8F /* Debug */ = {
			isa = XCBuildConfiguration;
			buildSettings = {
				BUILD_LIBRARY_FOR_DISTRIBUTION = YES;
				CLANG_ENABLE_MODULES = YES;
				CODE_SIGN_STYLE = Automatic;
				CURRENT_PROJECT_VERSION = 1;
				DEFINES_MODULE = NO;
				DEVELOPMENT_TEAM = B3PWYBKFUK;
				DYLIB_COMPATIBILITY_VERSION = 1;
				DYLIB_CURRENT_VERSION = 1;
				DYLIB_INSTALL_NAME_BASE = "@rpath";
				ENABLE_MODULE_VERIFIER = YES;
				GENERATE_INFOPLIST_FILE = YES;
				INFOPLIST_KEY_NSHumanReadableCopyright = "";
				INSTALL_PATH = "$(LOCAL_LIBRARY_DIR)/Frameworks";
				IPHONEOS_DEPLOYMENT_TARGET = 16.6;
				LD_RUNPATH_SEARCH_PATHS = (
					"$(inherited)",
					"@executable_path/Frameworks",
					"@loader_path/Frameworks",
				);
				MARKETING_VERSION = 1.0;
				MODULE_VERIFIER_SUPPORTED_LANGUAGES = "objective-c objective-c++";
				MODULE_VERIFIER_SUPPORTED_LANGUAGE_STANDARDS = "gnu17 gnu++20";
				PRODUCT_BUNDLE_IDENTIFIER = kr.codesquad.boostcamp9.alsongDalsong.ASNetworkKit;
				PRODUCT_NAME = "$(TARGET_NAME:c99extidentifier)";
				SKIP_INSTALL = YES;
				SUPPORTED_PLATFORMS = "iphoneos iphonesimulator";
				SUPPORTS_MACCATALYST = YES;
				SUPPORTS_MAC_DESIGNED_FOR_IPHONE_IPAD = NO;
				SUPPORTS_XR_DESIGNED_FOR_IPHONE_IPAD = NO;
				SWIFT_EMIT_LOC_STRINGS = YES;
				SWIFT_INSTALL_OBJC_HEADER = NO;
				SWIFT_OPTIMIZATION_LEVEL = "-Onone";
				SWIFT_VERSION = 5.0;
				TARGETED_DEVICE_FAMILY = "1,2";
			};
			name = Debug;
		};
		1B10CAE32CE4C13F002A5B8F /* Release */ = {
			isa = XCBuildConfiguration;
			buildSettings = {
				BUILD_LIBRARY_FOR_DISTRIBUTION = YES;
				CLANG_ENABLE_MODULES = YES;
				CODE_SIGN_STYLE = Automatic;
				CURRENT_PROJECT_VERSION = 1;
				DEFINES_MODULE = NO;
				DEVELOPMENT_TEAM = B3PWYBKFUK;
				DYLIB_COMPATIBILITY_VERSION = 1;
				DYLIB_CURRENT_VERSION = 1;
				DYLIB_INSTALL_NAME_BASE = "@rpath";
				ENABLE_MODULE_VERIFIER = YES;
				GENERATE_INFOPLIST_FILE = YES;
				INFOPLIST_KEY_NSHumanReadableCopyright = "";
				INSTALL_PATH = "$(LOCAL_LIBRARY_DIR)/Frameworks";
				IPHONEOS_DEPLOYMENT_TARGET = 16.6;
				LD_RUNPATH_SEARCH_PATHS = (
					"$(inherited)",
					"@executable_path/Frameworks",
					"@loader_path/Frameworks",
				);
				MARKETING_VERSION = 1.0;
				MODULE_VERIFIER_SUPPORTED_LANGUAGES = "objective-c objective-c++";
				MODULE_VERIFIER_SUPPORTED_LANGUAGE_STANDARDS = "gnu17 gnu++20";
				PRODUCT_BUNDLE_IDENTIFIER = kr.codesquad.boostcamp9.alsongDalsong.ASNetworkKit;
				PRODUCT_NAME = "$(TARGET_NAME:c99extidentifier)";
				SKIP_INSTALL = YES;
				SUPPORTED_PLATFORMS = "iphoneos iphonesimulator";
				SUPPORTS_MACCATALYST = YES;
				SUPPORTS_MAC_DESIGNED_FOR_IPHONE_IPAD = NO;
				SUPPORTS_XR_DESIGNED_FOR_IPHONE_IPAD = NO;
				SWIFT_EMIT_LOC_STRINGS = YES;
				SWIFT_INSTALL_OBJC_HEADER = NO;
				SWIFT_VERSION = 5.0;
				TARGETED_DEVICE_FAMILY = "1,2";
			};
			name = Release;
		};
		1B10CAE42CE4C13F002A5B8F /* Debug */ = {
			isa = XCBuildConfiguration;
			buildSettings = {
				ALWAYS_SEARCH_USER_PATHS = NO;
				ASSETCATALOG_COMPILER_GENERATE_SWIFT_ASSET_SYMBOL_EXTENSIONS = YES;
				CLANG_ANALYZER_NONNULL = YES;
				CLANG_ANALYZER_NUMBER_OBJECT_CONVERSION = YES_AGGRESSIVE;
				CLANG_CXX_LANGUAGE_STANDARD = "gnu++20";
				CLANG_ENABLE_MODULES = YES;
				CLANG_ENABLE_OBJC_ARC = YES;
				CLANG_ENABLE_OBJC_WEAK = YES;
				CLANG_WARN_BLOCK_CAPTURE_AUTORELEASING = YES;
				CLANG_WARN_BOOL_CONVERSION = YES;
				CLANG_WARN_COMMA = YES;
				CLANG_WARN_CONSTANT_CONVERSION = YES;
				CLANG_WARN_DEPRECATED_OBJC_IMPLEMENTATIONS = YES;
				CLANG_WARN_DIRECT_OBJC_ISA_USAGE = YES_ERROR;
				CLANG_WARN_DOCUMENTATION_COMMENTS = YES;
				CLANG_WARN_EMPTY_BODY = YES;
				CLANG_WARN_ENUM_CONVERSION = YES;
				CLANG_WARN_INFINITE_RECURSION = YES;
				CLANG_WARN_INT_CONVERSION = YES;
				CLANG_WARN_NON_LITERAL_NULL_CONVERSION = YES;
				CLANG_WARN_OBJC_IMPLICIT_RETAIN_SELF = YES;
				CLANG_WARN_OBJC_LITERAL_CONVERSION = YES;
				CLANG_WARN_OBJC_ROOT_CLASS = YES_ERROR;
				CLANG_WARN_QUOTED_INCLUDE_IN_FRAMEWORK_HEADER = YES;
				CLANG_WARN_RANGE_LOOP_ANALYSIS = YES;
				CLANG_WARN_STRICT_PROTOTYPES = YES;
				CLANG_WARN_SUSPICIOUS_MOVE = YES;
				CLANG_WARN_UNGUARDED_AVAILABILITY = YES_AGGRESSIVE;
				CLANG_WARN_UNREACHABLE_CODE = YES;
				CLANG_WARN__DUPLICATE_METHOD_MATCH = YES;
				COPY_PHASE_STRIP = NO;
				CURRENT_PROJECT_VERSION = 1;
				DEBUG_INFORMATION_FORMAT = dwarf;
				ENABLE_STRICT_OBJC_MSGSEND = YES;
				ENABLE_TESTABILITY = YES;
				ENABLE_USER_SCRIPT_SANDBOXING = YES;
				GCC_C_LANGUAGE_STANDARD = gnu17;
				GCC_DYNAMIC_NO_PIC = NO;
				GCC_NO_COMMON_BLOCKS = YES;
				GCC_OPTIMIZATION_LEVEL = 0;
				GCC_PREPROCESSOR_DEFINITIONS = (
					"DEBUG=1",
					"$(inherited)",
				);
				GCC_WARN_64_TO_32_BIT_CONVERSION = YES;
				GCC_WARN_ABOUT_RETURN_TYPE = YES_ERROR;
				GCC_WARN_UNDECLARED_SELECTOR = YES;
				GCC_WARN_UNINITIALIZED_AUTOS = YES_AGGRESSIVE;
				GCC_WARN_UNUSED_FUNCTION = YES;
				GCC_WARN_UNUSED_VARIABLE = YES;
				IPHONEOS_DEPLOYMENT_TARGET = 18.1;
				LOCALIZATION_PREFERS_STRING_CATALOGS = YES;
				MTL_ENABLE_DEBUG_INFO = INCLUDE_SOURCE;
				MTL_FAST_MATH = YES;
				ONLY_ACTIVE_ARCH = YES;
				SDKROOT = iphoneos;
				SWIFT_ACTIVE_COMPILATION_CONDITIONS = "DEBUG $(inherited)";
				SWIFT_OPTIMIZATION_LEVEL = "-Onone";
				VERSIONING_SYSTEM = "apple-generic";
				VERSION_INFO_PREFIX = "";
			};
			name = Debug;
		};
		1B10CAE52CE4C13F002A5B8F /* Release */ = {
			isa = XCBuildConfiguration;
			buildSettings = {
				ALWAYS_SEARCH_USER_PATHS = NO;
				ASSETCATALOG_COMPILER_GENERATE_SWIFT_ASSET_SYMBOL_EXTENSIONS = YES;
				CLANG_ANALYZER_NONNULL = YES;
				CLANG_ANALYZER_NUMBER_OBJECT_CONVERSION = YES_AGGRESSIVE;
				CLANG_CXX_LANGUAGE_STANDARD = "gnu++20";
				CLANG_ENABLE_MODULES = YES;
				CLANG_ENABLE_OBJC_ARC = YES;
				CLANG_ENABLE_OBJC_WEAK = YES;
				CLANG_WARN_BLOCK_CAPTURE_AUTORELEASING = YES;
				CLANG_WARN_BOOL_CONVERSION = YES;
				CLANG_WARN_COMMA = YES;
				CLANG_WARN_CONSTANT_CONVERSION = YES;
				CLANG_WARN_DEPRECATED_OBJC_IMPLEMENTATIONS = YES;
				CLANG_WARN_DIRECT_OBJC_ISA_USAGE = YES_ERROR;
				CLANG_WARN_DOCUMENTATION_COMMENTS = YES;
				CLANG_WARN_EMPTY_BODY = YES;
				CLANG_WARN_ENUM_CONVERSION = YES;
				CLANG_WARN_INFINITE_RECURSION = YES;
				CLANG_WARN_INT_CONVERSION = YES;
				CLANG_WARN_NON_LITERAL_NULL_CONVERSION = YES;
				CLANG_WARN_OBJC_IMPLICIT_RETAIN_SELF = YES;
				CLANG_WARN_OBJC_LITERAL_CONVERSION = YES;
				CLANG_WARN_OBJC_ROOT_CLASS = YES_ERROR;
				CLANG_WARN_QUOTED_INCLUDE_IN_FRAMEWORK_HEADER = YES;
				CLANG_WARN_RANGE_LOOP_ANALYSIS = YES;
				CLANG_WARN_STRICT_PROTOTYPES = YES;
				CLANG_WARN_SUSPICIOUS_MOVE = YES;
				CLANG_WARN_UNGUARDED_AVAILABILITY = YES_AGGRESSIVE;
				CLANG_WARN_UNREACHABLE_CODE = YES;
				CLANG_WARN__DUPLICATE_METHOD_MATCH = YES;
				COPY_PHASE_STRIP = NO;
				CURRENT_PROJECT_VERSION = 1;
				DEBUG_INFORMATION_FORMAT = "dwarf-with-dsym";
				ENABLE_NS_ASSERTIONS = NO;
				ENABLE_STRICT_OBJC_MSGSEND = YES;
				ENABLE_USER_SCRIPT_SANDBOXING = YES;
				GCC_C_LANGUAGE_STANDARD = gnu17;
				GCC_NO_COMMON_BLOCKS = YES;
				GCC_WARN_64_TO_32_BIT_CONVERSION = YES;
				GCC_WARN_ABOUT_RETURN_TYPE = YES_ERROR;
				GCC_WARN_UNDECLARED_SELECTOR = YES;
				GCC_WARN_UNINITIALIZED_AUTOS = YES_AGGRESSIVE;
				GCC_WARN_UNUSED_FUNCTION = YES;
				GCC_WARN_UNUSED_VARIABLE = YES;
				IPHONEOS_DEPLOYMENT_TARGET = 18.1;
				LOCALIZATION_PREFERS_STRING_CATALOGS = YES;
				MTL_ENABLE_DEBUG_INFO = NO;
				MTL_FAST_MATH = YES;
				SDKROOT = iphoneos;
				SWIFT_COMPILATION_MODE = wholemodule;
				VALIDATE_PRODUCT = YES;
				VERSIONING_SYSTEM = "apple-generic";
				VERSION_INFO_PREFIX = "";
			};
			name = Release;
		};
		1B783B702CE4F04E005511AE /* Debug */ = {
			isa = XCBuildConfiguration;
			buildSettings = {
				CODE_SIGN_STYLE = Automatic;
				CURRENT_PROJECT_VERSION = 1;
				DEVELOPMENT_TEAM = B3PWYBKFUK;
				ENABLE_TESTABILITY = YES;
				GENERATE_INFOPLIST_FILE = YES;
				MARKETING_VERSION = 1.0;
				PRODUCT_BUNDLE_IDENTIFIER = kr.codesquad.boostcamp9.alsongDalsong.ASNetworkKitTests;
				PRODUCT_NAME = "$(TARGET_NAME)";
				SWIFT_EMIT_LOC_STRINGS = NO;
				SWIFT_VERSION = 5.0;
				TARGETED_DEVICE_FAMILY = "1,2";
			};
			name = Debug;
		};
		1B783B712CE4F04E005511AE /* Release */ = {
			isa = XCBuildConfiguration;
			buildSettings = {
				CODE_SIGN_STYLE = Automatic;
				CURRENT_PROJECT_VERSION = 1;
				DEVELOPMENT_TEAM = B3PWYBKFUK;
				ENABLE_TESTABILITY = YES;
				GENERATE_INFOPLIST_FILE = YES;
				MARKETING_VERSION = 1.0;
				PRODUCT_BUNDLE_IDENTIFIER = kr.codesquad.boostcamp9.alsongDalsong.ASNetworkKitTests;
				PRODUCT_NAME = "$(TARGET_NAME)";
				SWIFT_EMIT_LOC_STRINGS = NO;
				SWIFT_VERSION = 5.0;
				TARGETED_DEVICE_FAMILY = "1,2";
			};
			name = Release;
		};
/* End XCBuildConfiguration section */

/* Begin XCConfigurationList section */
		16F8B8A22CE5E4FE0059F22A /* Build configuration list for PBXNativeTarget "ASFirebaseDemo" */ = {
			isa = XCConfigurationList;
			buildConfigurations = (
				16F8B8A32CE5E4FE0059F22A /* Debug */,
				16F8B8A42CE5E4FE0059F22A /* Release */,
			);
			defaultConfigurationIsVisible = 0;
			defaultConfigurationName = Release;
		};
		1B10CAD52CE4C13F002A5B8F /* Build configuration list for PBXProject "ASNetworkKit" */ = {
			isa = XCConfigurationList;
			buildConfigurations = (
				1B10CAE42CE4C13F002A5B8F /* Debug */,
				1B10CAE52CE4C13F002A5B8F /* Release */,
			);
			defaultConfigurationIsVisible = 0;
			defaultConfigurationName = Release;
		};
		1B10CAE12CE4C13F002A5B8F /* Build configuration list for PBXNativeTarget "ASNetworkKit" */ = {
			isa = XCConfigurationList;
			buildConfigurations = (
				1B10CAE22CE4C13F002A5B8F /* Debug */,
				1B10CAE32CE4C13F002A5B8F /* Release */,
			);
			defaultConfigurationIsVisible = 0;
			defaultConfigurationName = Release;
		};
		1B783B6F2CE4F04E005511AE /* Build configuration list for PBXNativeTarget "ASNetworkKitTests" */ = {
			isa = XCConfigurationList;
			buildConfigurations = (
				1B783B702CE4F04E005511AE /* Debug */,
				1B783B712CE4F04E005511AE /* Release */,
			);
			defaultConfigurationIsVisible = 0;
			defaultConfigurationName = Release;
		};
/* End XCConfigurationList section */

/* Begin XCRemoteSwiftPackageReference section */
		169725502CE5F817005B4953 /* XCRemoteSwiftPackageReference "firebase-ios-sdk" */ = {
			isa = XCRemoteSwiftPackageReference;
			repositoryURL = "https://github.com/firebase/firebase-ios-sdk";
			requirement = {
				kind = upToNextMajorVersion;
				minimumVersion = 11.5.0;
			};
		};
/* End XCRemoteSwiftPackageReference section */

/* Begin XCSwiftPackageProductDependency section */
		169725512CE5F817005B4953 /* FirebaseAuth */ = {
			isa = XCSwiftPackageProductDependency;
			package = 169725502CE5F817005B4953 /* XCRemoteSwiftPackageReference "firebase-ios-sdk" */;
			productName = FirebaseAuth;
		};
		169725532CE5F817005B4953 /* FirebaseDatabase */ = {
			isa = XCSwiftPackageProductDependency;
			package = 169725502CE5F817005B4953 /* XCRemoteSwiftPackageReference "firebase-ios-sdk" */;
			productName = FirebaseDatabase;
		};
		169725552CE5F817005B4953 /* FirebaseFirestore */ = {
			isa = XCSwiftPackageProductDependency;
			package = 169725502CE5F817005B4953 /* XCRemoteSwiftPackageReference "firebase-ios-sdk" */;
			productName = FirebaseFirestore;
		};
		169C06262CEC61030084B082 /* FirebaseStorage */ = {
			isa = XCSwiftPackageProductDependency;
			package = 169725502CE5F817005B4953 /* XCRemoteSwiftPackageReference "firebase-ios-sdk" */;
			productName = FirebaseStorage;
		};
/* End XCSwiftPackageProductDependency section */
	};
	rootObject = 1B10CAD22CE4C13F002A5B8F /* Project object */;
}
