// !$*UTF8*$!
{
	archiveVersion = 1;
	classes = {
	};
	objectVersion = 77;
	objects = {

/* Begin PBXBuildFile section */
		16DE64612CEE29DB00DFC48F /* ASContainer.framework in Frameworks */ = {isa = PBXBuildFile; fileRef = 16DE64602CEE29D800DFC48F /* ASContainer.framework */; };
		16DE64622CEE29DB00DFC48F /* ASContainer.framework in Embed Frameworks */ = {isa = PBXBuildFile; fileRef = 16DE64602CEE29D800DFC48F /* ASContainer.framework */; settings = {ATTRIBUTES = (CodeSignOnCopy, RemoveHeadersOnCopy, ); }; };
		1B0630BD2CE66867005300BF /* ASCacheKit.framework in Frameworks */ = {isa = PBXBuildFile; fileRef = 1BD3B6952CE203680037A6E1 /* ASCacheKit.framework */; };
		1B0630BE2CE66867005300BF /* ASCacheKit.framework in Embed Frameworks */ = {isa = PBXBuildFile; fileRef = 1BD3B6952CE203680037A6E1 /* ASCacheKit.framework */; settings = {ATTRIBUTES = (CodeSignOnCopy, RemoveHeadersOnCopy, ); }; };
		1BF1C9682CEA3CAF0003EED9 /* ASCacheKitProtocol.framework in Frameworks */ = {isa = PBXBuildFile; fileRef = 1BF1C9582CEA3C270003EED9 /* ASCacheKitProtocol.framework */; };
		1BF1C9692CEA3CAF0003EED9 /* ASCacheKitProtocol.framework in Embed Frameworks */ = {isa = PBXBuildFile; fileRef = 1BF1C9582CEA3C270003EED9 /* ASCacheKitProtocol.framework */; settings = {ATTRIBUTES = (CodeSignOnCopy, RemoveHeadersOnCopy, ); }; };
		1BF1C96D2CEA3D0D0003EED9 /* ASCacheKitProtocol.framework in Frameworks */ = {isa = PBXBuildFile; fileRef = 1BF1C9582CEA3C270003EED9 /* ASCacheKitProtocol.framework */; };
		1BF1C96E2CEA3D0D0003EED9 /* ASCacheKitProtocol.framework in Embed Frameworks */ = {isa = PBXBuildFile; fileRef = 1BF1C9582CEA3C270003EED9 /* ASCacheKitProtocol.framework */; settings = {ATTRIBUTES = (CodeSignOnCopy, RemoveHeadersOnCopy, ); }; };
		1BF1C9722CEA3E290003EED9 /* ASCacheKit.framework in Frameworks */ = {isa = PBXBuildFile; fileRef = 1BD3B6952CE203680037A6E1 /* ASCacheKit.framework */; platformFilter = ios; };
		1BF1C9732CEA3E290003EED9 /* ASCacheKit.framework in Embed Frameworks */ = {isa = PBXBuildFile; fileRef = 1BD3B6952CE203680037A6E1 /* ASCacheKit.framework */; platformFilter = ios; settings = {ATTRIBUTES = (CodeSignOnCopy, RemoveHeadersOnCopy, ); }; };
/* End PBXBuildFile section */

/* Begin PBXContainerItemProxy section */
		16DE645F2CEE29D800DFC48F /* PBXContainerItemProxy */ = {
			isa = PBXContainerItemProxy;
			containerPortal = 16DE645B2CEE29D800DFC48F /* ASContainer.xcodeproj */;
			proxyType = 2;
			remoteGlobalIDString = 16DE63F52CEE02AC00DFC48F;
			remoteInfo = ASContainer;
		};
		1B0630BF2CE66867005300BF /* PBXContainerItemProxy */ = {
			isa = PBXContainerItemProxy;
			containerPortal = 1BD3B68C2CE203680037A6E1 /* Project object */;
			proxyType = 1;
			remoteGlobalIDString = 1BD3B6942CE203680037A6E1;
			remoteInfo = ASCacheKit;
		};
		1BF1C96A2CEA3CAF0003EED9 /* PBXContainerItemProxy */ = {
			isa = PBXContainerItemProxy;
			containerPortal = 1BD3B68C2CE203680037A6E1 /* Project object */;
			proxyType = 1;
			remoteGlobalIDString = 1BF1C9572CEA3C270003EED9;
			remoteInfo = ASCacheKitProtocol;
		};
		1BF1C96F2CEA3D0D0003EED9 /* PBXContainerItemProxy */ = {
			isa = PBXContainerItemProxy;
			containerPortal = 1BD3B68C2CE203680037A6E1 /* Project object */;
			proxyType = 1;
			remoteGlobalIDString = 1BF1C9572CEA3C270003EED9;
			remoteInfo = ASCacheKitProtocol;
		};
		1BF1C9742CEA3E290003EED9 /* PBXContainerItemProxy */ = {
			isa = PBXContainerItemProxy;
			containerPortal = 1BD3B68C2CE203680037A6E1 /* Project object */;
			proxyType = 1;
			remoteGlobalIDString = 1BD3B6942CE203680037A6E1;
			remoteInfo = ASCacheKit;
		};
/* End PBXContainerItemProxy section */

/* Begin PBXCopyFilesBuildPhase section */
		1B0630C12CE66867005300BF /* Embed Frameworks */ = {
			isa = PBXCopyFilesBuildPhase;
			buildActionMask = 2147483647;
			dstPath = "";
			dstSubfolderSpec = 10;
			files = (
				1B0630BE2CE66867005300BF /* ASCacheKit.framework in Embed Frameworks */,
			);
			name = "Embed Frameworks";
			runOnlyForDeploymentPostprocessing = 0;
		};
		1BF1C96C2CEA3CAF0003EED9 /* Embed Frameworks */ = {
			isa = PBXCopyFilesBuildPhase;
			buildActionMask = 2147483647;
			dstPath = "";
			dstSubfolderSpec = 10;
			files = (
				16DE64622CEE29DB00DFC48F /* ASContainer.framework in Embed Frameworks */,
				1BF1C9692CEA3CAF0003EED9 /* ASCacheKitProtocol.framework in Embed Frameworks */,
			);
			name = "Embed Frameworks";
			runOnlyForDeploymentPostprocessing = 0;
		};
		1BF1C9712CEA3D0D0003EED9 /* Embed Frameworks */ = {
			isa = PBXCopyFilesBuildPhase;
			buildActionMask = 2147483647;
			dstPath = "";
			dstSubfolderSpec = 10;
			files = (
				1BF1C9732CEA3E290003EED9 /* ASCacheKit.framework in Embed Frameworks */,
				1BF1C96E2CEA3D0D0003EED9 /* ASCacheKitProtocol.framework in Embed Frameworks */,
			);
			name = "Embed Frameworks";
			runOnlyForDeploymentPostprocessing = 0;
		};
/* End PBXCopyFilesBuildPhase section */

/* Begin PBXFileReference section */
		16DE645B2CEE29D800DFC48F /* ASContainer.xcodeproj */ = {isa = PBXFileReference; lastKnownFileType = "wrapper.pb-project"; name = ASContainer.xcodeproj; path = ../ASContainer/ASContainer.xcodeproj; sourceTree = "<group>"; };
		1B0630AC2CE66729005300BF /* ASCacheKitDemo.app */ = {isa = PBXFileReference; explicitFileType = wrapper.application; includeInIndex = 0; path = ASCacheKitDemo.app; sourceTree = BUILT_PRODUCTS_DIR; };
		1BD3B6952CE203680037A6E1 /* ASCacheKit.framework */ = {isa = PBXFileReference; explicitFileType = wrapper.framework; includeInIndex = 0; path = ASCacheKit.framework; sourceTree = BUILT_PRODUCTS_DIR; };
		1BD3B9162CE329160037A6E1 /* ASCacheKitTests.xctest */ = {isa = PBXFileReference; explicitFileType = wrapper.cfbundle; includeInIndex = 0; path = ASCacheKitTests.xctest; sourceTree = BUILT_PRODUCTS_DIR; };
		1BF1C9582CEA3C270003EED9 /* ASCacheKitProtocol.framework */ = {isa = PBXFileReference; explicitFileType = wrapper.framework; includeInIndex = 0; path = ASCacheKitProtocol.framework; sourceTree = BUILT_PRODUCTS_DIR; };
/* End PBXFileReference section */

/* Begin PBXFileSystemSynchronizedRootGroup section */
		1B0630AD2CE66729005300BF /* ASCacheKitDemo */ = {
			isa = PBXFileSystemSynchronizedRootGroup;
			path = ASCacheKitDemo;
			sourceTree = "<group>";
		};
		1BD3B90A2CE3286D0037A6E1 /* ASCacheKit */ = {
			isa = PBXFileSystemSynchronizedRootGroup;
			path = ASCacheKit;
			sourceTree = "<group>";
		};
		1BD3B9172CE329160037A6E1 /* ASCacheKitTests */ = {
			isa = PBXFileSystemSynchronizedRootGroup;
			path = ASCacheKitTests;
			sourceTree = "<group>";
		};
		1BF1C9592CEA3C270003EED9 /* ASCacheKitProtocol */ = {
			isa = PBXFileSystemSynchronizedRootGroup;
			path = ASCacheKitProtocol;
			sourceTree = "<group>";
		};
/* End PBXFileSystemSynchronizedRootGroup section */

/* Begin PBXFrameworksBuildPhase section */
		1B0630A92CE66729005300BF /* Frameworks */ = {
			isa = PBXFrameworksBuildPhase;
			buildActionMask = 2147483647;
			files = (
				1B0630BD2CE66867005300BF /* ASCacheKit.framework in Frameworks */,
			);
			runOnlyForDeploymentPostprocessing = 0;
		};
		1BD3B6922CE203680037A6E1 /* Frameworks */ = {
			isa = PBXFrameworksBuildPhase;
			buildActionMask = 2147483647;
			files = (
				16DE64612CEE29DB00DFC48F /* ASContainer.framework in Frameworks */,
				1BF1C9682CEA3CAF0003EED9 /* ASCacheKitProtocol.framework in Frameworks */,
			);
			runOnlyForDeploymentPostprocessing = 0;
		};
		1BD3B9132CE329160037A6E1 /* Frameworks */ = {
			isa = PBXFrameworksBuildPhase;
			buildActionMask = 2147483647;
			files = (
				1BF1C9722CEA3E290003EED9 /* ASCacheKit.framework in Frameworks */,
				1BF1C96D2CEA3D0D0003EED9 /* ASCacheKitProtocol.framework in Frameworks */,
			);
			runOnlyForDeploymentPostprocessing = 0;
		};
		1BF1C9552CEA3C270003EED9 /* Frameworks */ = {
			isa = PBXFrameworksBuildPhase;
			buildActionMask = 2147483647;
			files = (
			);
			runOnlyForDeploymentPostprocessing = 0;
		};
/* End PBXFrameworksBuildPhase section */

/* Begin PBXGroup section */
		16DE645C2CEE29D800DFC48F /* Products */ = {
			isa = PBXGroup;
			children = (
				16DE64602CEE29D800DFC48F /* ASContainer.framework */,
			);
			name = Products;
			sourceTree = "<group>";
		};
		1B0630BC2CE66867005300BF /* Frameworks */ = {
			isa = PBXGroup;
			children = (
				16DE645B2CEE29D800DFC48F /* ASContainer.xcodeproj */,
			);
			name = Frameworks;
			sourceTree = "<group>";
		};
		1BD3B68B2CE203680037A6E1 = {
			isa = PBXGroup;
			children = (
				1BD3B90A2CE3286D0037A6E1 /* ASCacheKit */,
				1BD3B9172CE329160037A6E1 /* ASCacheKitTests */,
				1B0630AD2CE66729005300BF /* ASCacheKitDemo */,
				1BF1C9592CEA3C270003EED9 /* ASCacheKitProtocol */,
				1B0630BC2CE66867005300BF /* Frameworks */,
				1BD3B6962CE203680037A6E1 /* Products */,
			);
			sourceTree = "<group>";
		};
		1BD3B6962CE203680037A6E1 /* Products */ = {
			isa = PBXGroup;
			children = (
				1BD3B6952CE203680037A6E1 /* ASCacheKit.framework */,
				1BD3B9162CE329160037A6E1 /* ASCacheKitTests.xctest */,
				1B0630AC2CE66729005300BF /* ASCacheKitDemo.app */,
				1BF1C9582CEA3C270003EED9 /* ASCacheKitProtocol.framework */,
			);
			name = Products;
			sourceTree = "<group>";
		};
/* End PBXGroup section */

/* Begin PBXHeadersBuildPhase section */
		1BD3B6902CE203680037A6E1 /* Headers */ = {
			isa = PBXHeadersBuildPhase;
			buildActionMask = 2147483647;
			files = (
			);
			runOnlyForDeploymentPostprocessing = 0;
		};
		1BF1C9532CEA3C270003EED9 /* Headers */ = {
			isa = PBXHeadersBuildPhase;
			buildActionMask = 2147483647;
			files = (
			);
			runOnlyForDeploymentPostprocessing = 0;
		};
/* End PBXHeadersBuildPhase section */

/* Begin PBXNativeTarget section */
		1B0630AB2CE66729005300BF /* ASCacheKitDemo */ = {
			isa = PBXNativeTarget;
			buildConfigurationList = 1B0630B92CE6672B005300BF /* Build configuration list for PBXNativeTarget "ASCacheKitDemo" */;
			buildPhases = (
				1B0630A82CE66729005300BF /* Sources */,
				1B0630A92CE66729005300BF /* Frameworks */,
				1B0630AA2CE66729005300BF /* Resources */,
				1B0630C12CE66867005300BF /* Embed Frameworks */,
			);
			buildRules = (
			);
			dependencies = (
				1B0630C02CE66867005300BF /* PBXTargetDependency */,
			);
			fileSystemSynchronizedGroups = (
				1B0630AD2CE66729005300BF /* ASCacheKitDemo */,
			);
			name = ASCacheKitDemo;
			packageProductDependencies = (
			);
			productName = ASCacheKitDemo;
			productReference = 1B0630AC2CE66729005300BF /* ASCacheKitDemo.app */;
			productType = "com.apple.product-type.application";
		};
		1BD3B6942CE203680037A6E1 /* ASCacheKit */ = {
			isa = PBXNativeTarget;
			buildConfigurationList = 1BD3B6A62CE203680037A6E1 /* Build configuration list for PBXNativeTarget "ASCacheKit" */;
			buildPhases = (
				1BD3B6902CE203680037A6E1 /* Headers */,
				1BD3B6912CE203680037A6E1 /* Sources */,
				1BD3B6922CE203680037A6E1 /* Frameworks */,
				1BD3B6932CE203680037A6E1 /* Resources */,
				1BF1C96C2CEA3CAF0003EED9 /* Embed Frameworks */,
			);
			buildRules = (
			);
			dependencies = (
				1BF1C96B2CEA3CAF0003EED9 /* PBXTargetDependency */,
			);
			fileSystemSynchronizedGroups = (
				1BD3B90A2CE3286D0037A6E1 /* ASCacheKit */,
			);
			name = ASCacheKit;
			packageProductDependencies = (
			);
			productName = ASCacheKit;
			productReference = 1BD3B6952CE203680037A6E1 /* ASCacheKit.framework */;
			productType = "com.apple.product-type.framework";
		};
		1BD3B9152CE329160037A6E1 /* ASCacheKitTests */ = {
			isa = PBXNativeTarget;
			buildConfigurationList = 1BD3B91D2CE329160037A6E1 /* Build configuration list for PBXNativeTarget "ASCacheKitTests" */;
			buildPhases = (
				1BD3B9122CE329160037A6E1 /* Sources */,
				1BD3B9132CE329160037A6E1 /* Frameworks */,
				1BD3B9142CE329160037A6E1 /* Resources */,
				1BF1C9712CEA3D0D0003EED9 /* Embed Frameworks */,
			);
			buildRules = (
			);
			dependencies = (
				1BF1C9702CEA3D0D0003EED9 /* PBXTargetDependency */,
				1BF1C9752CEA3E290003EED9 /* PBXTargetDependency */,
			);
			fileSystemSynchronizedGroups = (
				1BD3B9172CE329160037A6E1 /* ASCacheKitTests */,
			);
			name = ASCacheKitTests;
			packageProductDependencies = (
			);
			productName = ASCacheKitTests;
			productReference = 1BD3B9162CE329160037A6E1 /* ASCacheKitTests.xctest */;
			productType = "com.apple.product-type.bundle.unit-test";
		};
		1BF1C9572CEA3C270003EED9 /* ASCacheKitProtocol */ = {
			isa = PBXNativeTarget;
			buildConfigurationList = 1BF1C95F2CEA3C270003EED9 /* Build configuration list for PBXNativeTarget "ASCacheKitProtocol" */;
			buildPhases = (
				1BF1C9532CEA3C270003EED9 /* Headers */,
				1BF1C9542CEA3C270003EED9 /* Sources */,
				1BF1C9552CEA3C270003EED9 /* Frameworks */,
				1BF1C9562CEA3C270003EED9 /* Resources */,
			);
			buildRules = (
			);
			dependencies = (
			);
			fileSystemSynchronizedGroups = (
				1BF1C9592CEA3C270003EED9 /* ASCacheKitProtocol */,
			);
			name = ASCacheKitProtocol;
			packageProductDependencies = (
			);
			productName = ASCacheKitProtocol;
			productReference = 1BF1C9582CEA3C270003EED9 /* ASCacheKitProtocol.framework */;
			productType = "com.apple.product-type.framework";
		};
/* End PBXNativeTarget section */

/* Begin PBXProject section */
		1BD3B68C2CE203680037A6E1 /* Project object */ = {
			isa = PBXProject;
			attributes = {
				BuildIndependentTargetsInParallel = 1;
				LastSwiftUpdateCheck = 1610;
				LastUpgradeCheck = 1610;
				TargetAttributes = {
					1B0630AB2CE66729005300BF = {
						CreatedOnToolsVersion = 16.1;
					};
					1BD3B6942CE203680037A6E1 = {
						CreatedOnToolsVersion = 16.1;
						LastSwiftMigration = 1610;
					};
					1BD3B9152CE329160037A6E1 = {
						CreatedOnToolsVersion = 16.1;
					};
					1BF1C9572CEA3C270003EED9 = {
						CreatedOnToolsVersion = 16.1;
						LastSwiftMigration = 1610;
					};
				};
			};
			buildConfigurationList = 1BD3B68F2CE203680037A6E1 /* Build configuration list for PBXProject "ASCacheKit" */;
			developmentRegion = ko;
			hasScannedForEncodings = 0;
			knownRegions = (
				en,
				Base,
				ko,
			);
			mainGroup = 1BD3B68B2CE203680037A6E1;
			minimizedProjectReferenceProxies = 1;
			preferredProjectObjectVersion = 77;
			productRefGroup = 1BD3B6962CE203680037A6E1 /* Products */;
			projectDirPath = "";
			projectReferences = (
				{
					ProductGroup = 16DE645C2CEE29D800DFC48F /* Products */;
					ProjectRef = 16DE645B2CEE29D800DFC48F /* ASContainer.xcodeproj */;
				},
			);
			projectRoot = "";
			targets = (
				1BD3B6942CE203680037A6E1 /* ASCacheKit */,
				1BD3B9152CE329160037A6E1 /* ASCacheKitTests */,
				1B0630AB2CE66729005300BF /* ASCacheKitDemo */,
				1BF1C9572CEA3C270003EED9 /* ASCacheKitProtocol */,
			);
		};
/* End PBXProject section */

/* Begin PBXReferenceProxy section */
		16DE64602CEE29D800DFC48F /* ASContainer.framework */ = {
			isa = PBXReferenceProxy;
			fileType = wrapper.framework;
			path = ASContainer.framework;
			remoteRef = 16DE645F2CEE29D800DFC48F /* PBXContainerItemProxy */;
			sourceTree = BUILT_PRODUCTS_DIR;
		};
/* End PBXReferenceProxy section */

/* Begin PBXResourcesBuildPhase section */
		1B0630AA2CE66729005300BF /* Resources */ = {
			isa = PBXResourcesBuildPhase;
			buildActionMask = 2147483647;
			files = (
			);
			runOnlyForDeploymentPostprocessing = 0;
		};
		1BD3B6932CE203680037A6E1 /* Resources */ = {
			isa = PBXResourcesBuildPhase;
			buildActionMask = 2147483647;
			files = (
			);
			runOnlyForDeploymentPostprocessing = 0;
		};
		1BD3B9142CE329160037A6E1 /* Resources */ = {
			isa = PBXResourcesBuildPhase;
			buildActionMask = 2147483647;
			files = (
			);
			runOnlyForDeploymentPostprocessing = 0;
		};
		1BF1C9562CEA3C270003EED9 /* Resources */ = {
			isa = PBXResourcesBuildPhase;
			buildActionMask = 2147483647;
			files = (
			);
			runOnlyForDeploymentPostprocessing = 0;
		};
/* End PBXResourcesBuildPhase section */

/* Begin PBXSourcesBuildPhase section */
		1B0630A82CE66729005300BF /* Sources */ = {
			isa = PBXSourcesBuildPhase;
			buildActionMask = 2147483647;
			files = (
			);
			runOnlyForDeploymentPostprocessing = 0;
		};
		1BD3B6912CE203680037A6E1 /* Sources */ = {
			isa = PBXSourcesBuildPhase;
			buildActionMask = 2147483647;
			files = (
			);
			runOnlyForDeploymentPostprocessing = 0;
		};
		1BD3B9122CE329160037A6E1 /* Sources */ = {
			isa = PBXSourcesBuildPhase;
			buildActionMask = 2147483647;
			files = (
			);
			runOnlyForDeploymentPostprocessing = 0;
		};
		1BF1C9542CEA3C270003EED9 /* Sources */ = {
			isa = PBXSourcesBuildPhase;
			buildActionMask = 2147483647;
			files = (
			);
			runOnlyForDeploymentPostprocessing = 0;
		};
/* End PBXSourcesBuildPhase section */

/* Begin PBXTargetDependency section */
		1B0630C02CE66867005300BF /* PBXTargetDependency */ = {
			isa = PBXTargetDependency;
			target = 1BD3B6942CE203680037A6E1 /* ASCacheKit */;
			targetProxy = 1B0630BF2CE66867005300BF /* PBXContainerItemProxy */;
		};
		1BF1C96B2CEA3CAF0003EED9 /* PBXTargetDependency */ = {
			isa = PBXTargetDependency;
			target = 1BF1C9572CEA3C270003EED9 /* ASCacheKitProtocol */;
			targetProxy = 1BF1C96A2CEA3CAF0003EED9 /* PBXContainerItemProxy */;
		};
		1BF1C9702CEA3D0D0003EED9 /* PBXTargetDependency */ = {
			isa = PBXTargetDependency;
			target = 1BF1C9572CEA3C270003EED9 /* ASCacheKitProtocol */;
			targetProxy = 1BF1C96F2CEA3D0D0003EED9 /* PBXContainerItemProxy */;
		};
		1BF1C9752CEA3E290003EED9 /* PBXTargetDependency */ = {
			isa = PBXTargetDependency;
			platformFilter = ios;
			target = 1BD3B6942CE203680037A6E1 /* ASCacheKit */;
			targetProxy = 1BF1C9742CEA3E290003EED9 /* PBXContainerItemProxy */;
		};
/* End PBXTargetDependency section */

/* Begin XCBuildConfiguration section */
		1B0630B72CE6672B005300BF /* Debug */ = {
			isa = XCBuildConfiguration;
			buildSettings = {
				ASSETCATALOG_COMPILER_APPICON_NAME = AppIcon;
				ASSETCATALOG_COMPILER_GLOBAL_ACCENT_COLOR_NAME = AccentColor;
				CODE_SIGN_STYLE = Automatic;
				CURRENT_PROJECT_VERSION = 1;
				DEVELOPMENT_ASSET_PATHS = "\"ASCacheKitDemo/Preview Content\"";
				DEVELOPMENT_TEAM = B3PWYBKFUK;
				ENABLE_PREVIEWS = YES;
				GENERATE_INFOPLIST_FILE = YES;
				INFOPLIST_KEY_UIApplicationSceneManifest_Generation = YES;
				INFOPLIST_KEY_UIApplicationSupportsIndirectInputEvents = YES;
				INFOPLIST_KEY_UILaunchScreen_Generation = YES;
				INFOPLIST_KEY_UISupportedInterfaceOrientations_iPad = "UIInterfaceOrientationPortrait UIInterfaceOrientationPortraitUpsideDown UIInterfaceOrientationLandscapeLeft UIInterfaceOrientationLandscapeRight";
				INFOPLIST_KEY_UISupportedInterfaceOrientations_iPhone = "UIInterfaceOrientationPortrait UIInterfaceOrientationLandscapeLeft UIInterfaceOrientationLandscapeRight";
				IPHONEOS_DEPLOYMENT_TARGET = 18.1;
				LD_RUNPATH_SEARCH_PATHS = (
					"$(inherited)",
					"@executable_path/Frameworks",
				);
				MARKETING_VERSION = 1.0;
				PRODUCT_BUNDLE_IDENTIFIER = kr.codesquad.boostcamp9.alsongDalsong.ASCacheKitDemo;
				PRODUCT_NAME = "$(TARGET_NAME)";
				SDKROOT = iphoneos;
				SWIFT_EMIT_LOC_STRINGS = YES;
				SWIFT_VERSION = 6.0;
				TARGETED_DEVICE_FAMILY = "1,2";
			};
			name = Debug;
		};
		1B0630B82CE6672B005300BF /* Release */ = {
			isa = XCBuildConfiguration;
			buildSettings = {
				ASSETCATALOG_COMPILER_APPICON_NAME = AppIcon;
				ASSETCATALOG_COMPILER_GLOBAL_ACCENT_COLOR_NAME = AccentColor;
				CODE_SIGN_STYLE = Automatic;
				CURRENT_PROJECT_VERSION = 1;
				DEVELOPMENT_ASSET_PATHS = "\"ASCacheKitDemo/Preview Content\"";
				DEVELOPMENT_TEAM = B3PWYBKFUK;
				ENABLE_PREVIEWS = YES;
				GENERATE_INFOPLIST_FILE = YES;
				INFOPLIST_KEY_UIApplicationSceneManifest_Generation = YES;
				INFOPLIST_KEY_UIApplicationSupportsIndirectInputEvents = YES;
				INFOPLIST_KEY_UILaunchScreen_Generation = YES;
				INFOPLIST_KEY_UISupportedInterfaceOrientations_iPad = "UIInterfaceOrientationPortrait UIInterfaceOrientationPortraitUpsideDown UIInterfaceOrientationLandscapeLeft UIInterfaceOrientationLandscapeRight";
				INFOPLIST_KEY_UISupportedInterfaceOrientations_iPhone = "UIInterfaceOrientationPortrait UIInterfaceOrientationLandscapeLeft UIInterfaceOrientationLandscapeRight";
				IPHONEOS_DEPLOYMENT_TARGET = 18.1;
				LD_RUNPATH_SEARCH_PATHS = (
					"$(inherited)",
					"@executable_path/Frameworks",
				);
				MARKETING_VERSION = 1.0;
				PRODUCT_BUNDLE_IDENTIFIER = kr.codesquad.boostcamp9.alsongDalsong.ASCacheKitDemo;
				PRODUCT_NAME = "$(TARGET_NAME)";
				SDKROOT = iphoneos;
				SWIFT_EMIT_LOC_STRINGS = YES;
				SWIFT_VERSION = 6.0;
				TARGETED_DEVICE_FAMILY = "1,2";
				VALIDATE_PRODUCT = YES;
			};
			name = Release;
		};
		1BD3B6A72CE203680037A6E1 /* Debug */ = {
			isa = XCBuildConfiguration;
			buildSettings = {
				ALLOW_TARGET_PLATFORM_SPECIALIZATION = YES;
				BUILD_LIBRARY_FOR_DISTRIBUTION = YES;
				CLANG_ENABLE_MODULES = YES;
				CODE_SIGN_STYLE = Automatic;
				CURRENT_PROJECT_VERSION = 1;
				DEFINES_MODULE = NO;
				DEVELOPMENT_TEAM = B3PWYBKFUK;
				DYLIB_COMPATIBILITY_VERSION = 1;
				DYLIB_CURRENT_VERSION = 1;
				DYLIB_INSTALL_NAME_BASE = "@rpath";
				ENABLE_MODULE_VERIFIER = YES;
				GENERATE_INFOPLIST_FILE = YES;
				INFOPLIST_KEY_NSHumanReadableCopyright = "";
				INSTALL_PATH = "$(LOCAL_LIBRARY_DIR)/Frameworks";
				IPHONEOS_DEPLOYMENT_TARGET = 16.6;
				LD_RUNPATH_SEARCH_PATHS = (
					"@executable_path/Frameworks",
					"@loader_path/Frameworks",
				);
				"LD_RUNPATH_SEARCH_PATHS[sdk=macosx*]" = (
					"@executable_path/../Frameworks",
					"@loader_path/Frameworks",
				);
				MACOSX_DEPLOYMENT_TARGET = 15.0;
				MARKETING_VERSION = 1.0;
				MODULE_VERIFIER_SUPPORTED_LANGUAGES = "objective-c objective-c++";
				MODULE_VERIFIER_SUPPORTED_LANGUAGE_STANDARDS = "gnu17 gnu++20";
				PRODUCT_BUNDLE_IDENTIFIER = ko.codesquad.boostcamp9.alsongDalsong.ASCacheKit;
				PRODUCT_NAME = "$(TARGET_NAME:c99extidentifier)";
				SDKROOT = auto;
				SKIP_INSTALL = YES;
				SUPPORTED_PLATFORMS = "iphoneos iphonesimulator";
				SUPPORTS_MACCATALYST = NO;
				SWIFT_EMIT_LOC_STRINGS = YES;
				SWIFT_INSTALL_OBJC_HEADER = NO;
				SWIFT_OPTIMIZATION_LEVEL = "-Onone";
				SWIFT_VERSION = 6.0;
				TARGETED_DEVICE_FAMILY = "1,2";
				XROS_DEPLOYMENT_TARGET = 2.1;
			};
			name = Debug;
		};
		1BD3B6A82CE203680037A6E1 /* Release */ = {
			isa = XCBuildConfiguration;
			buildSettings = {
				ALLOW_TARGET_PLATFORM_SPECIALIZATION = YES;
				BUILD_LIBRARY_FOR_DISTRIBUTION = YES;
				CLANG_ENABLE_MODULES = YES;
				CODE_SIGN_STYLE = Automatic;
				CURRENT_PROJECT_VERSION = 1;
				DEFINES_MODULE = NO;
				DEVELOPMENT_TEAM = B3PWYBKFUK;
				DYLIB_COMPATIBILITY_VERSION = 1;
				DYLIB_CURRENT_VERSION = 1;
				DYLIB_INSTALL_NAME_BASE = "@rpath";
				ENABLE_MODULE_VERIFIER = YES;
				GENERATE_INFOPLIST_FILE = YES;
				INFOPLIST_KEY_NSHumanReadableCopyright = "";
				INSTALL_PATH = "$(LOCAL_LIBRARY_DIR)/Frameworks";
				IPHONEOS_DEPLOYMENT_TARGET = 16.6;
				LD_RUNPATH_SEARCH_PATHS = (
					"@executable_path/Frameworks",
					"@loader_path/Frameworks",
				);
				"LD_RUNPATH_SEARCH_PATHS[sdk=macosx*]" = (
					"@executable_path/../Frameworks",
					"@loader_path/Frameworks",
				);
				MACOSX_DEPLOYMENT_TARGET = 15.0;
				MARKETING_VERSION = 1.0;
				MODULE_VERIFIER_SUPPORTED_LANGUAGES = "objective-c objective-c++";
				MODULE_VERIFIER_SUPPORTED_LANGUAGE_STANDARDS = "gnu17 gnu++20";
				PRODUCT_BUNDLE_IDENTIFIER = ko.codesquad.boostcamp9.alsongDalsong.ASCacheKit;
				PRODUCT_NAME = "$(TARGET_NAME:c99extidentifier)";
				SDKROOT = auto;
				SKIP_INSTALL = YES;
				SUPPORTED_PLATFORMS = "iphoneos iphonesimulator";
				SUPPORTS_MACCATALYST = NO;
				SWIFT_EMIT_LOC_STRINGS = YES;
				SWIFT_INSTALL_OBJC_HEADER = NO;
				SWIFT_VERSION = 6.0;
				TARGETED_DEVICE_FAMILY = "1,2";
				XROS_DEPLOYMENT_TARGET = 2.1;
			};
			name = Release;
		};
		1BD3B6A92CE203680037A6E1 /* Debug */ = {
			isa = XCBuildConfiguration;
			buildSettings = {
				ALWAYS_SEARCH_USER_PATHS = NO;
				ASSETCATALOG_COMPILER_GENERATE_SWIFT_ASSET_SYMBOL_EXTENSIONS = YES;
				CLANG_ANALYZER_NONNULL = YES;
				CLANG_ANALYZER_NUMBER_OBJECT_CONVERSION = YES_AGGRESSIVE;
				CLANG_CXX_LANGUAGE_STANDARD = "gnu++20";
				CLANG_ENABLE_MODULES = YES;
				CLANG_ENABLE_OBJC_ARC = YES;
				CLANG_ENABLE_OBJC_WEAK = YES;
				CLANG_WARN_BLOCK_CAPTURE_AUTORELEASING = YES;
				CLANG_WARN_BOOL_CONVERSION = YES;
				CLANG_WARN_COMMA = YES;
				CLANG_WARN_CONSTANT_CONVERSION = YES;
				CLANG_WARN_DEPRECATED_OBJC_IMPLEMENTATIONS = YES;
				CLANG_WARN_DIRECT_OBJC_ISA_USAGE = YES_ERROR;
				CLANG_WARN_DOCUMENTATION_COMMENTS = YES;
				CLANG_WARN_EMPTY_BODY = YES;
				CLANG_WARN_ENUM_CONVERSION = YES;
				CLANG_WARN_INFINITE_RECURSION = YES;
				CLANG_WARN_INT_CONVERSION = YES;
				CLANG_WARN_NON_LITERAL_NULL_CONVERSION = YES;
				CLANG_WARN_OBJC_IMPLICIT_RETAIN_SELF = YES;
				CLANG_WARN_OBJC_LITERAL_CONVERSION = YES;
				CLANG_WARN_OBJC_ROOT_CLASS = YES_ERROR;
				CLANG_WARN_QUOTED_INCLUDE_IN_FRAMEWORK_HEADER = YES;
				CLANG_WARN_RANGE_LOOP_ANALYSIS = YES;
				CLANG_WARN_STRICT_PROTOTYPES = YES;
				CLANG_WARN_SUSPICIOUS_MOVE = YES;
				CLANG_WARN_UNGUARDED_AVAILABILITY = YES_AGGRESSIVE;
				CLANG_WARN_UNREACHABLE_CODE = YES;
				CLANG_WARN__DUPLICATE_METHOD_MATCH = YES;
				COPY_PHASE_STRIP = NO;
				CURRENT_PROJECT_VERSION = 1;
				DEBUG_INFORMATION_FORMAT = dwarf;
				ENABLE_STRICT_OBJC_MSGSEND = YES;
				ENABLE_TESTABILITY = YES;
				ENABLE_USER_SCRIPT_SANDBOXING = YES;
				GCC_C_LANGUAGE_STANDARD = gnu17;
				GCC_DYNAMIC_NO_PIC = NO;
				GCC_NO_COMMON_BLOCKS = YES;
				GCC_OPTIMIZATION_LEVEL = 0;
				GCC_PREPROCESSOR_DEFINITIONS = (
					"DEBUG=1",
					"$(inherited)",
				);
				GCC_WARN_64_TO_32_BIT_CONVERSION = YES;
				GCC_WARN_ABOUT_RETURN_TYPE = YES_ERROR;
				GCC_WARN_UNDECLARED_SELECTOR = YES;
				GCC_WARN_UNINITIALIZED_AUTOS = YES_AGGRESSIVE;
				GCC_WARN_UNUSED_FUNCTION = YES;
				GCC_WARN_UNUSED_VARIABLE = YES;
				LOCALIZATION_PREFERS_STRING_CATALOGS = YES;
				MTL_ENABLE_DEBUG_INFO = INCLUDE_SOURCE;
				MTL_FAST_MATH = YES;
				ONLY_ACTIVE_ARCH = YES;
				SWIFT_ACTIVE_COMPILATION_CONDITIONS = "DEBUG $(inherited)";
				SWIFT_OPTIMIZATION_LEVEL = "-Onone";
				SWIFT_VERSION = 6.0;
				VERSIONING_SYSTEM = "apple-generic";
				VERSION_INFO_PREFIX = "";
			};
			name = Debug;
		};
		1BD3B6AA2CE203680037A6E1 /* Release */ = {
			isa = XCBuildConfiguration;
			buildSettings = {
				ALWAYS_SEARCH_USER_PATHS = NO;
				ASSETCATALOG_COMPILER_GENERATE_SWIFT_ASSET_SYMBOL_EXTENSIONS = YES;
				CLANG_ANALYZER_NONNULL = YES;
				CLANG_ANALYZER_NUMBER_OBJECT_CONVERSION = YES_AGGRESSIVE;
				CLANG_CXX_LANGUAGE_STANDARD = "gnu++20";
				CLANG_ENABLE_MODULES = YES;
				CLANG_ENABLE_OBJC_ARC = YES;
				CLANG_ENABLE_OBJC_WEAK = YES;
				CLANG_WARN_BLOCK_CAPTURE_AUTORELEASING = YES;
				CLANG_WARN_BOOL_CONVERSION = YES;
				CLANG_WARN_COMMA = YES;
				CLANG_WARN_CONSTANT_CONVERSION = YES;
				CLANG_WARN_DEPRECATED_OBJC_IMPLEMENTATIONS = YES;
				CLANG_WARN_DIRECT_OBJC_ISA_USAGE = YES_ERROR;
				CLANG_WARN_DOCUMENTATION_COMMENTS = YES;
				CLANG_WARN_EMPTY_BODY = YES;
				CLANG_WARN_ENUM_CONVERSION = YES;
				CLANG_WARN_INFINITE_RECURSION = YES;
				CLANG_WARN_INT_CONVERSION = YES;
				CLANG_WARN_NON_LITERAL_NULL_CONVERSION = YES;
				CLANG_WARN_OBJC_IMPLICIT_RETAIN_SELF = YES;
				CLANG_WARN_OBJC_LITERAL_CONVERSION = YES;
				CLANG_WARN_OBJC_ROOT_CLASS = YES_ERROR;
				CLANG_WARN_QUOTED_INCLUDE_IN_FRAMEWORK_HEADER = YES;
				CLANG_WARN_RANGE_LOOP_ANALYSIS = YES;
				CLANG_WARN_STRICT_PROTOTYPES = YES;
				CLANG_WARN_SUSPICIOUS_MOVE = YES;
				CLANG_WARN_UNGUARDED_AVAILABILITY = YES_AGGRESSIVE;
				CLANG_WARN_UNREACHABLE_CODE = YES;
				CLANG_WARN__DUPLICATE_METHOD_MATCH = YES;
				COPY_PHASE_STRIP = NO;
				CURRENT_PROJECT_VERSION = 1;
				DEBUG_INFORMATION_FORMAT = "dwarf-with-dsym";
				ENABLE_NS_ASSERTIONS = NO;
				ENABLE_STRICT_OBJC_MSGSEND = YES;
				ENABLE_USER_SCRIPT_SANDBOXING = YES;
				GCC_C_LANGUAGE_STANDARD = gnu17;
				GCC_NO_COMMON_BLOCKS = YES;
				GCC_WARN_64_TO_32_BIT_CONVERSION = YES;
				GCC_WARN_ABOUT_RETURN_TYPE = YES_ERROR;
				GCC_WARN_UNDECLARED_SELECTOR = YES;
				GCC_WARN_UNINITIALIZED_AUTOS = YES_AGGRESSIVE;
				GCC_WARN_UNUSED_FUNCTION = YES;
				GCC_WARN_UNUSED_VARIABLE = YES;
				LOCALIZATION_PREFERS_STRING_CATALOGS = YES;
				MTL_ENABLE_DEBUG_INFO = NO;
				MTL_FAST_MATH = YES;
				SWIFT_COMPILATION_MODE = wholemodule;
				SWIFT_VERSION = 6.0;
				VERSIONING_SYSTEM = "apple-generic";
				VERSION_INFO_PREFIX = "";
			};
			name = Release;
		};
		1BD3B91E2CE329160037A6E1 /* Debug */ = {
			isa = XCBuildConfiguration;
			buildSettings = {
				CODE_SIGN_STYLE = Automatic;
				CURRENT_PROJECT_VERSION = 1;
				DEVELOPMENT_TEAM = B3PWYBKFUK;
				GENERATE_INFOPLIST_FILE = YES;
				IPHONEOS_DEPLOYMENT_TARGET = 18.1;
				MARKETING_VERSION = 1.0;
				PRODUCT_BUNDLE_IDENTIFIER = kr.codesquad.boostcamp9.alsongDalsong.ASCacheKitTests;
				PRODUCT_NAME = "$(TARGET_NAME)";
				SDKROOT = iphoneos;
				SWIFT_EMIT_LOC_STRINGS = NO;
				SWIFT_VERSION = 6.0;
				TARGETED_DEVICE_FAMILY = "1,2";
			};
			name = Debug;
		};
		1BD3B91F2CE329160037A6E1 /* Release */ = {
			isa = XCBuildConfiguration;
			buildSettings = {
				CODE_SIGN_STYLE = Automatic;
				CURRENT_PROJECT_VERSION = 1;
				DEVELOPMENT_TEAM = B3PWYBKFUK;
				GENERATE_INFOPLIST_FILE = YES;
				IPHONEOS_DEPLOYMENT_TARGET = 18.1;
				MARKETING_VERSION = 1.0;
				PRODUCT_BUNDLE_IDENTIFIER = kr.codesquad.boostcamp9.alsongDalsong.ASCacheKitTests;
				PRODUCT_NAME = "$(TARGET_NAME)";
				SDKROOT = iphoneos;
				SWIFT_EMIT_LOC_STRINGS = NO;
				SWIFT_VERSION = 6.0;
				TARGETED_DEVICE_FAMILY = "1,2";
				VALIDATE_PRODUCT = YES;
			};
			name = Release;
		};
		1BF1C95C2CEA3C270003EED9 /* Debug */ = {
			isa = XCBuildConfiguration;
			buildSettings = {
				BUILD_LIBRARY_FOR_DISTRIBUTION = YES;
				CLANG_ENABLE_MODULES = YES;
				CODE_SIGN_STYLE = Automatic;
				CURRENT_PROJECT_VERSION = 1;
				DEFINES_MODULE = NO;
				DEVELOPMENT_TEAM = B3PWYBKFUK;
				DYLIB_COMPATIBILITY_VERSION = 1;
				DYLIB_CURRENT_VERSION = 1;
				DYLIB_INSTALL_NAME_BASE = "@rpath";
				ENABLE_MODULE_VERIFIER = YES;
				GENERATE_INFOPLIST_FILE = YES;
				INFOPLIST_KEY_NSHumanReadableCopyright = "";
				INSTALL_PATH = "$(LOCAL_LIBRARY_DIR)/Frameworks";
				IPHONEOS_DEPLOYMENT_TARGET = 16.6;
				LD_RUNPATH_SEARCH_PATHS = (
					"$(inherited)",
					"@executable_path/Frameworks",
					"@loader_path/Frameworks",
				);
				MARKETING_VERSION = 1.0;
				MODULE_VERIFIER_SUPPORTED_LANGUAGES = "objective-c objective-c++";
				MODULE_VERIFIER_SUPPORTED_LANGUAGE_STANDARDS = "gnu17 gnu++20";
				PRODUCT_BUNDLE_IDENTIFIER = kr.codesquad.boostcamp9.alsongDalsong.ASCacheKitProtocol;
				PRODUCT_NAME = "$(TARGET_NAME:c99extidentifier)";
				SDKROOT = iphoneos;
				SKIP_INSTALL = YES;
				SWIFT_EMIT_LOC_STRINGS = YES;
				SWIFT_INSTALL_OBJC_HEADER = NO;
				SWIFT_OPTIMIZATION_LEVEL = "-Onone";
				SWIFT_VERSION = 6.0;
				TARGETED_DEVICE_FAMILY = "1,2";
			};
			name = Debug;
		};
		1BF1C95D2CEA3C270003EED9 /* Release */ = {
			isa = XCBuildConfiguration;
			buildSettings = {
				BUILD_LIBRARY_FOR_DISTRIBUTION = YES;
				CLANG_ENABLE_MODULES = YES;
				CODE_SIGN_STYLE = Automatic;
				CURRENT_PROJECT_VERSION = 1;
				DEFINES_MODULE = NO;
				DEVELOPMENT_TEAM = B3PWYBKFUK;
				DYLIB_COMPATIBILITY_VERSION = 1;
				DYLIB_CURRENT_VERSION = 1;
				DYLIB_INSTALL_NAME_BASE = "@rpath";
				ENABLE_MODULE_VERIFIER = YES;
				GENERATE_INFOPLIST_FILE = YES;
				INFOPLIST_KEY_NSHumanReadableCopyright = "";
				INSTALL_PATH = "$(LOCAL_LIBRARY_DIR)/Frameworks";
				IPHONEOS_DEPLOYMENT_TARGET = 16.6;
				LD_RUNPATH_SEARCH_PATHS = (
					"$(inherited)",
					"@executable_path/Frameworks",
					"@loader_path/Frameworks",
				);
				MARKETING_VERSION = 1.0;
				MODULE_VERIFIER_SUPPORTED_LANGUAGES = "objective-c objective-c++";
				MODULE_VERIFIER_SUPPORTED_LANGUAGE_STANDARDS = "gnu17 gnu++20";
				PRODUCT_BUNDLE_IDENTIFIER = kr.codesquad.boostcamp9.alsongDalsong.ASCacheKitProtocol;
				PRODUCT_NAME = "$(TARGET_NAME:c99extidentifier)";
				SDKROOT = iphoneos;
				SKIP_INSTALL = YES;
				SWIFT_EMIT_LOC_STRINGS = YES;
				SWIFT_INSTALL_OBJC_HEADER = NO;
				SWIFT_VERSION = 6.0;
				TARGETED_DEVICE_FAMILY = "1,2";
				VALIDATE_PRODUCT = YES;
			};
			name = Release;
		};
/* End XCBuildConfiguration section */

/* Begin XCConfigurationList section */
		1B0630B92CE6672B005300BF /* Build configuration list for PBXNativeTarget "ASCacheKitDemo" */ = {
			isa = XCConfigurationList;
			buildConfigurations = (
				1B0630B72CE6672B005300BF /* Debug */,
				1B0630B82CE6672B005300BF /* Release */,
			);
			defaultConfigurationIsVisible = 0;
			defaultConfigurationName = Release;
		};
		1BD3B68F2CE203680037A6E1 /* Build configuration list for PBXProject "ASCacheKit" */ = {
			isa = XCConfigurationList;
			buildConfigurations = (
				1BD3B6A92CE203680037A6E1 /* Debug */,
				1BD3B6AA2CE203680037A6E1 /* Release */,
			);
			defaultConfigurationIsVisible = 0;
			defaultConfigurationName = Release;
		};
		1BD3B6A62CE203680037A6E1 /* Build configuration list for PBXNativeTarget "ASCacheKit" */ = {
			isa = XCConfigurationList;
			buildConfigurations = (
				1BD3B6A72CE203680037A6E1 /* Debug */,
				1BD3B6A82CE203680037A6E1 /* Release */,
			);
			defaultConfigurationIsVisible = 0;
			defaultConfigurationName = Release;
		};
		1BD3B91D2CE329160037A6E1 /* Build configuration list for PBXNativeTarget "ASCacheKitTests" */ = {
			isa = XCConfigurationList;
			buildConfigurations = (
				1BD3B91E2CE329160037A6E1 /* Debug */,
				1BD3B91F2CE329160037A6E1 /* Release */,
			);
			defaultConfigurationIsVisible = 0;
			defaultConfigurationName = Release;
		};
		1BF1C95F2CEA3C270003EED9 /* Build configuration list for PBXNativeTarget "ASCacheKitProtocol" */ = {
			isa = XCConfigurationList;
			buildConfigurations = (
				1BF1C95C2CEA3C270003EED9 /* Debug */,
				1BF1C95D2CEA3C270003EED9 /* Release */,
			);
			defaultConfigurationIsVisible = 0;
			defaultConfigurationName = Release;
		};
/* End XCConfigurationList section */
	};
	rootObject = 1BD3B68C2CE203680037A6E1 /* Project object */;
}
