// !$*UTF8*$!
{
	archiveVersion = 1;
	classes = {
	};
	objectVersion = 77;
	objects = {

/* Begin PBXBuildFile section */
		160109612CEB7AFD00FB3182 /* ASNetworkKit.framework in Frameworks */ = {isa = PBXBuildFile; fileRef = 1601095C2CEB7AF700FB3182 /* ASNetworkKit.framework */; };
		160109622CEB7AFD00FB3182 /* ASNetworkKit.framework in Embed Frameworks */ = {isa = PBXBuildFile; fileRef = 1601095C2CEB7AF700FB3182 /* ASNetworkKit.framework */; settings = {ATTRIBUTES = (CodeSignOnCopy, RemoveHeadersOnCopy, ); }; };
		16E107582CFD7DD200F57CE1 /* ASEntity.framework in Frameworks */ = {isa = PBXBuildFile; fileRef = 16E107572CFD7DD200F57CE1 /* ASEntity.framework */; };
		16E107592CFD7DD200F57CE1 /* ASEntity.framework in Embed Frameworks */ = {isa = PBXBuildFile; fileRef = 16E107572CFD7DD200F57CE1 /* ASEntity.framework */; settings = {ATTRIBUTES = (CodeSignOnCopy, RemoveHeadersOnCopy, ); }; };
		1B7EA85E2CFAA0AE00B2BE2A /* ASLogKit.framework in Frameworks */ = {isa = PBXBuildFile; fileRef = 1B7EA85D2CFAA0AE00B2BE2A /* ASLogKit.framework */; };
		1B7EA85F2CFAA0AE00B2BE2A /* ASLogKit.framework in Embed Frameworks */ = {isa = PBXBuildFile; fileRef = 1B7EA85D2CFAA0AE00B2BE2A /* ASLogKit.framework */; settings = {ATTRIBUTES = (CodeSignOnCopy, RemoveHeadersOnCopy, ); }; };
		1B7EA8712CFAA2D400B2BE2A /* ASRepositoryProtocol.framework in Frameworks */ = {isa = PBXBuildFile; fileRef = 1B7EA8652CFAA2B600B2BE2A /* ASRepositoryProtocol.framework */; };
		1B7EA8722CFAA2D400B2BE2A /* ASRepositoryProtocol.framework in Embed Frameworks */ = {isa = PBXBuildFile; fileRef = 1B7EA8652CFAA2B600B2BE2A /* ASRepositoryProtocol.framework */; settings = {ATTRIBUTES = (CodeSignOnCopy, RemoveHeadersOnCopy, ); }; };
/* End PBXBuildFile section */

/* Begin PBXContainerItemProxy section */
		1601095B2CEB7AF700FB3182 /* PBXContainerItemProxy */ = {
			isa = PBXContainerItemProxy;
			containerPortal = 160109552CEB7AF700FB3182 /* ASNetworkKit.xcodeproj */;
			proxyType = 2;
			remoteGlobalIDString = 1B10CADB2CE4C13F002A5B8F;
			remoteInfo = ASNetworkKit;
		};
		1B7EA8732CFAA2D400B2BE2A /* PBXContainerItemProxy */ = {
			isa = PBXContainerItemProxy;
			containerPortal = 160109352CEB79E500FB3182 /* Project object */;
			proxyType = 1;
			remoteGlobalIDString = 1B7EA8642CFAA2B600B2BE2A;
			remoteInfo = ASRepositoryProtocol;
		};
/* End PBXContainerItemProxy section */

/* Begin PBXCopyFilesBuildPhase section */
		160109542CEB7AAE00FB3182 /* Embed Frameworks */ = {
			isa = PBXCopyFilesBuildPhase;
			buildActionMask = 2147483647;
			dstPath = "";
			dstSubfolderSpec = 10;
			files = (
				1B7EA85F2CFAA0AE00B2BE2A /* ASLogKit.framework in Embed Frameworks */,
				1B7EA8722CFAA2D400B2BE2A /* ASRepositoryProtocol.framework in Embed Frameworks */,
				160109622CEB7AFD00FB3182 /* ASNetworkKit.framework in Embed Frameworks */,
			);
			name = "Embed Frameworks";
			runOnlyForDeploymentPostprocessing = 0;
		};
		16E1075A2CFD7DD200F57CE1 /* Embed Frameworks */ = {
			isa = PBXCopyFilesBuildPhase;
			buildActionMask = 2147483647;
			dstPath = "";
			dstSubfolderSpec = 10;
			files = (
				16E107592CFD7DD200F57CE1 /* ASEntity.framework in Embed Frameworks */,
			);
			name = "Embed Frameworks";
			runOnlyForDeploymentPostprocessing = 0;
		};
/* End PBXCopyFilesBuildPhase section */

/* Begin PBXFileReference section */
		1601093E2CEB79E500FB3182 /* ASRepository.framework */ = {isa = PBXFileReference; explicitFileType = wrapper.framework; includeInIndex = 0; path = ASRepository.framework; sourceTree = BUILT_PRODUCTS_DIR; };
		160109552CEB7AF700FB3182 /* ASNetworkKit.xcodeproj */ = {isa = PBXFileReference; lastKnownFileType = "wrapper.pb-project"; name = ASNetworkKit.xcodeproj; path = ../ASNetworkKit/ASNetworkKit.xcodeproj; sourceTree = "<group>"; };
		16E107572CFD7DD200F57CE1 /* ASEntity.framework */ = {isa = PBXFileReference; explicitFileType = wrapper.framework; path = ASEntity.framework; sourceTree = BUILT_PRODUCTS_DIR; };
		1B7EA85D2CFAA0AE00B2BE2A /* ASLogKit.framework */ = {isa = PBXFileReference; explicitFileType = wrapper.framework; path = ASLogKit.framework; sourceTree = BUILT_PRODUCTS_DIR; };
		1B7EA8652CFAA2B600B2BE2A /* ASRepositoryProtocol.framework */ = {isa = PBXFileReference; explicitFileType = wrapper.framework; includeInIndex = 0; path = ASRepositoryProtocol.framework; sourceTree = BUILT_PRODUCTS_DIR; };
/* End PBXFileReference section */

/* Begin PBXFileSystemSynchronizedBuildFileExceptionSet section */
		1B7EA8692CFAA2B600B2BE2A /* Exceptions for "ASRepositoryProtocol" folder in "ASRepositoryProtocol" target */ = {
			isa = PBXFileSystemSynchronizedBuildFileExceptionSet;
			publicHeaders = (
				ASRepositoryProtocol.h,
			);
			target = 1B7EA8642CFAA2B600B2BE2A /* ASRepositoryProtocol */;
		};
		1B7EA86F2CFAA2CA00B2BE2A /* Exceptions for "ASRepository" folder in "ASRepositoryProtocol" target */ = {
			isa = PBXFileSystemSynchronizedBuildFileExceptionSet;
			membershipExceptions = (
				Protocols/MainRepositoryProtocol.swift,
				Protocols/RepositoryProtocols.swift,
			);
			target = 1B7EA8642CFAA2B600B2BE2A /* ASRepositoryProtocol */;
		};
		1B7EA8702CFAA2CE00B2BE2A /* Exceptions for "ASRepository" folder in "ASRepository" target */ = {
			isa = PBXFileSystemSynchronizedBuildFileExceptionSet;
			membershipExceptions = (
				Protocols/MainRepositoryProtocol.swift,
				Protocols/RepositoryProtocols.swift,
			);
			target = 1601093D2CEB79E500FB3182 /* ASRepository */;
		};
/* End PBXFileSystemSynchronizedBuildFileExceptionSet section */

/* Begin PBXFileSystemSynchronizedRootGroup section */
		160109402CEB79E500FB3182 /* ASRepository */ = {
			isa = PBXFileSystemSynchronizedRootGroup;
			exceptions = (
				1B7EA8702CFAA2CE00B2BE2A /* Exceptions for "ASRepository" folder in "ASRepository" target */,
				1B7EA86F2CFAA2CA00B2BE2A /* Exceptions for "ASRepository" folder in "ASRepositoryProtocol" target */,
			);
			path = ASRepository;
			sourceTree = "<group>";
		};
		1B7EA8662CFAA2B600B2BE2A /* ASRepositoryProtocol */ = {
			isa = PBXFileSystemSynchronizedRootGroup;
			exceptions = (
				1B7EA8692CFAA2B600B2BE2A /* Exceptions for "ASRepositoryProtocol" folder in "ASRepositoryProtocol" target */,
			);
			path = ASRepositoryProtocol;
			sourceTree = "<group>";
		};
/* End PBXFileSystemSynchronizedRootGroup section */

/* Begin PBXFrameworksBuildPhase section */
		1601093B2CEB79E500FB3182 /* Frameworks */ = {
			isa = PBXFrameworksBuildPhase;
			buildActionMask = 2147483647;
			files = (
				1B7EA85E2CFAA0AE00B2BE2A /* ASLogKit.framework in Frameworks */,
				1B7EA8712CFAA2D400B2BE2A /* ASRepositoryProtocol.framework in Frameworks */,
				160109612CEB7AFD00FB3182 /* ASNetworkKit.framework in Frameworks */,
			);
			runOnlyForDeploymentPostprocessing = 0;
		};
		1B7EA8622CFAA2B600B2BE2A /* Frameworks */ = {
			isa = PBXFrameworksBuildPhase;
			buildActionMask = 2147483647;
			files = (
				16E107582CFD7DD200F57CE1 /* ASEntity.framework in Frameworks */,
			);
			runOnlyForDeploymentPostprocessing = 0;
		};
/* End PBXFrameworksBuildPhase section */

/* Begin PBXGroup section */
		160109342CEB79E500FB3182 = {
			isa = PBXGroup;
			children = (
				160109402CEB79E500FB3182 /* ASRepository */,
				1B7EA8662CFAA2B600B2BE2A /* ASRepositoryProtocol */,
				160109502CEB7AAE00FB3182 /* Frameworks */,
				1601093F2CEB79E500FB3182 /* Products */,
			);
			sourceTree = "<group>";
		};
		1601093F2CEB79E500FB3182 /* Products */ = {
			isa = PBXGroup;
			children = (
				1601093E2CEB79E500FB3182 /* ASRepository.framework */,
				1B7EA8652CFAA2B600B2BE2A /* ASRepositoryProtocol.framework */,
			);
			name = Products;
			sourceTree = "<group>";
		};
		160109502CEB7AAE00FB3182 /* Frameworks */ = {
			isa = PBXGroup;
			children = (
				16E107572CFD7DD200F57CE1 /* ASEntity.framework */,
				1B7EA85D2CFAA0AE00B2BE2A /* ASLogKit.framework */,
				160109552CEB7AF700FB3182 /* ASNetworkKit.xcodeproj */,
			);
			name = Frameworks;
			sourceTree = "<group>";
		};
		160109562CEB7AF700FB3182 /* Products */ = {
			isa = PBXGroup;
			children = (
				1601095C2CEB7AF700FB3182 /* ASNetworkKit.framework */,
			);
			name = Products;
			sourceTree = "<group>";
		};
/* End PBXGroup section */

/* Begin PBXHeadersBuildPhase section */
		160109392CEB79E500FB3182 /* Headers */ = {
			isa = PBXHeadersBuildPhase;
			buildActionMask = 2147483647;
			files = (
			);
			runOnlyForDeploymentPostprocessing = 0;
		};
		1B7EA8602CFAA2B600B2BE2A /* Headers */ = {
			isa = PBXHeadersBuildPhase;
			buildActionMask = 2147483647;
			files = (
			);
			runOnlyForDeploymentPostprocessing = 0;
		};
/* End PBXHeadersBuildPhase section */

/* Begin PBXNativeTarget section */
		1601093D2CEB79E500FB3182 /* ASRepository */ = {
			isa = PBXNativeTarget;
			buildConfigurationList = 160109442CEB79E500FB3182 /* Build configuration list for PBXNativeTarget "ASRepository" */;
			buildPhases = (
				160109392CEB79E500FB3182 /* Headers */,
				1601093A2CEB79E500FB3182 /* Sources */,
				1601093B2CEB79E500FB3182 /* Frameworks */,
				1601093C2CEB79E500FB3182 /* Resources */,
				160109542CEB7AAE00FB3182 /* Embed Frameworks */,
			);
			buildRules = (
			);
			dependencies = (
				1B7EA8742CFAA2D400B2BE2A /* PBXTargetDependency */,
			);
			fileSystemSynchronizedGroups = (
				160109402CEB79E500FB3182 /* ASRepository */,
			);
			name = ASRepository;
			packageProductDependencies = (
			);
			productName = ASRepository;
			productReference = 1601093E2CEB79E500FB3182 /* ASRepository.framework */;
			productType = "com.apple.product-type.framework";
		};
		1B7EA8642CFAA2B600B2BE2A /* ASRepositoryProtocol */ = {
			isa = PBXNativeTarget;
			buildConfigurationList = 1B7EA86A2CFAA2B600B2BE2A /* Build configuration list for PBXNativeTarget "ASRepositoryProtocol" */;
			buildPhases = (
				1B7EA8602CFAA2B600B2BE2A /* Headers */,
				1B7EA8612CFAA2B600B2BE2A /* Sources */,
				1B7EA8622CFAA2B600B2BE2A /* Frameworks */,
				1B7EA8632CFAA2B600B2BE2A /* Resources */,
				16E1075A2CFD7DD200F57CE1 /* Embed Frameworks */,
			);
			buildRules = (
			);
			dependencies = (
			);
			fileSystemSynchronizedGroups = (
				1B7EA8662CFAA2B600B2BE2A /* ASRepositoryProtocol */,
			);
			name = ASRepositoryProtocol;
			packageProductDependencies = (
			);
			productName = ASRepositoryProtocol;
			productReference = 1B7EA8652CFAA2B600B2BE2A /* ASRepositoryProtocol.framework */;
			productType = "com.apple.product-type.framework";
		};
/* End PBXNativeTarget section */

/* Begin PBXProject section */
		160109352CEB79E500FB3182 /* Project object */ = {
			isa = PBXProject;
			attributes = {
				BuildIndependentTargetsInParallel = 1;
				LastUpgradeCheck = 1600;
				TargetAttributes = {
					1601093D2CEB79E500FB3182 = {
						CreatedOnToolsVersion = 16.0;
						LastSwiftMigration = 1600;
					};
					1B7EA8642CFAA2B600B2BE2A = {
						CreatedOnToolsVersion = 16.1;
					};
				};
			};
			buildConfigurationList = 160109382CEB79E500FB3182 /* Build configuration list for PBXProject "ASRepository" */;
			developmentRegion = en;
			hasScannedForEncodings = 0;
			knownRegions = (
				en,
				Base,
			);
			mainGroup = 160109342CEB79E500FB3182;
			minimizedProjectReferenceProxies = 1;
			preferredProjectObjectVersion = 77;
			productRefGroup = 1601093F2CEB79E500FB3182 /* Products */;
			projectDirPath = "";
			projectReferences = (
				{
					ProductGroup = 160109562CEB7AF700FB3182 /* Products */;
					ProjectRef = 160109552CEB7AF700FB3182 /* ASNetworkKit.xcodeproj */;
				},
			);
			projectRoot = "";
			targets = (
				1601093D2CEB79E500FB3182 /* ASRepository */,
				1B7EA8642CFAA2B600B2BE2A /* ASRepositoryProtocol */,
			);
		};
/* End PBXProject section */

/* Begin PBXReferenceProxy section */
		1601095C2CEB7AF700FB3182 /* ASNetworkKit.framework */ = {
			isa = PBXReferenceProxy;
			fileType = wrapper.framework;
			path = ASNetworkKit.framework;
			remoteRef = 1601095B2CEB7AF700FB3182 /* PBXContainerItemProxy */;
			sourceTree = BUILT_PRODUCTS_DIR;
		};
/* End PBXReferenceProxy section */

/* Begin PBXResourcesBuildPhase section */
		1601093C2CEB79E500FB3182 /* Resources */ = {
			isa = PBXResourcesBuildPhase;
			buildActionMask = 2147483647;
			files = (
			);
			runOnlyForDeploymentPostprocessing = 0;
		};
		1B7EA8632CFAA2B600B2BE2A /* Resources */ = {
			isa = PBXResourcesBuildPhase;
			buildActionMask = 2147483647;
			files = (
			);
			runOnlyForDeploymentPostprocessing = 0;
		};
/* End PBXResourcesBuildPhase section */

/* Begin PBXSourcesBuildPhase section */
		1601093A2CEB79E500FB3182 /* Sources */ = {
			isa = PBXSourcesBuildPhase;
			buildActionMask = 2147483647;
			files = (
			);
			runOnlyForDeploymentPostprocessing = 0;
		};
		1B7EA8612CFAA2B600B2BE2A /* Sources */ = {
			isa = PBXSourcesBuildPhase;
			buildActionMask = 2147483647;
			files = (
			);
			runOnlyForDeploymentPostprocessing = 0;
		};
/* End PBXSourcesBuildPhase section */

/* Begin PBXTargetDependency section */
		1B7EA8742CFAA2D400B2BE2A /* PBXTargetDependency */ = {
			isa = PBXTargetDependency;
			target = 1B7EA8642CFAA2B600B2BE2A /* ASRepositoryProtocol */;
			targetProxy = 1B7EA8732CFAA2D400B2BE2A /* PBXContainerItemProxy */;
		};
/* End PBXTargetDependency section */

/* Begin XCBuildConfiguration section */
		160109452CEB79E500FB3182 /* Debug */ = {
			isa = XCBuildConfiguration;
			buildSettings = {
				BUILD_LIBRARY_FOR_DISTRIBUTION = YES;
				CLANG_ENABLE_MODULES = YES;
				CODE_SIGN_STYLE = Automatic;
				CURRENT_PROJECT_VERSION = 1;
				DEFINES_MODULE = NO;
				DEVELOPMENT_TEAM = B3PWYBKFUK;
				DYLIB_COMPATIBILITY_VERSION = 1;
				DYLIB_CURRENT_VERSION = 1;
				DYLIB_INSTALL_NAME_BASE = "@rpath";
				ENABLE_MODULE_VERIFIER = YES;
				GENERATE_INFOPLIST_FILE = YES;
				INFOPLIST_KEY_NSHumanReadableCopyright = "";
				INSTALL_PATH = "$(LOCAL_LIBRARY_DIR)/Frameworks";
				IPHONEOS_DEPLOYMENT_TARGET = 16.6;
				LD_RUNPATH_SEARCH_PATHS = (
					"$(inherited)",
					"@executable_path/Frameworks",
					"@loader_path/Frameworks",
				);
				MARKETING_VERSION = 1.0;
				MODULE_VERIFIER_SUPPORTED_LANGUAGES = "objective-c objective-c++";
				MODULE_VERIFIER_SUPPORTED_LANGUAGE_STANDARDS = "gnu17 gnu++20";
				PRODUCT_BUNDLE_IDENTIFIER = kr.codesquad.boostcamp9.alsongDalsong.ASRepository;
				PRODUCT_NAME = "$(TARGET_NAME:c99extidentifier)";
				SKIP_INSTALL = YES;
				SWIFT_EMIT_LOC_STRINGS = YES;
				SWIFT_INSTALL_OBJC_HEADER = NO;
				SWIFT_OPTIMIZATION_LEVEL = "-Onone";
				SWIFT_VERSION = 5.0;
				TARGETED_DEVICE_FAMILY = "1,2";
			};
			name = Debug;
		};
		160109462CEB79E500FB3182 /* Release */ = {
			isa = XCBuildConfiguration;
			buildSettings = {
				BUILD_LIBRARY_FOR_DISTRIBUTION = YES;
				CLANG_ENABLE_MODULES = YES;
				CODE_SIGN_STYLE = Automatic;
				CURRENT_PROJECT_VERSION = 1;
				DEFINES_MODULE = NO;
				DEVELOPMENT_TEAM = B3PWYBKFUK;
				DYLIB_COMPATIBILITY_VERSION = 1;
				DYLIB_CURRENT_VERSION = 1;
				DYLIB_INSTALL_NAME_BASE = "@rpath";
				ENABLE_MODULE_VERIFIER = YES;
				GENERATE_INFOPLIST_FILE = YES;
				INFOPLIST_KEY_NSHumanReadableCopyright = "";
				INSTALL_PATH = "$(LOCAL_LIBRARY_DIR)/Frameworks";
				IPHONEOS_DEPLOYMENT_TARGET = 16.6;
				LD_RUNPATH_SEARCH_PATHS = (
					"$(inherited)",
					"@executable_path/Frameworks",
					"@loader_path/Frameworks",
				);
				MARKETING_VERSION = 1.0;
				MODULE_VERIFIER_SUPPORTED_LANGUAGES = "objective-c objective-c++";
				MODULE_VERIFIER_SUPPORTED_LANGUAGE_STANDARDS = "gnu17 gnu++20";
				PRODUCT_BUNDLE_IDENTIFIER = kr.codesquad.boostcamp9.alsongDalsong.ASRepository;
				PRODUCT_NAME = "$(TARGET_NAME:c99extidentifier)";
				SKIP_INSTALL = YES;
				SWIFT_EMIT_LOC_STRINGS = YES;
				SWIFT_INSTALL_OBJC_HEADER = NO;
				SWIFT_VERSION = 5.0;
				TARGETED_DEVICE_FAMILY = "1,2";
			};
			name = Release;
		};
		160109472CEB79E500FB3182 /* Debug */ = {
			isa = XCBuildConfiguration;
			buildSettings = {
				ALWAYS_SEARCH_USER_PATHS = NO;
				ASSETCATALOG_COMPILER_GENERATE_SWIFT_ASSET_SYMBOL_EXTENSIONS = YES;
				CLANG_ANALYZER_NONNULL = YES;
				CLANG_ANALYZER_NUMBER_OBJECT_CONVERSION = YES_AGGRESSIVE;
				CLANG_CXX_LANGUAGE_STANDARD = "gnu++20";
				CLANG_ENABLE_MODULES = YES;
				CLANG_ENABLE_OBJC_ARC = YES;
				CLANG_ENABLE_OBJC_WEAK = YES;
				CLANG_WARN_BLOCK_CAPTURE_AUTORELEASING = YES;
				CLANG_WARN_BOOL_CONVERSION = YES;
				CLANG_WARN_COMMA = YES;
				CLANG_WARN_CONSTANT_CONVERSION = YES;
				CLANG_WARN_DEPRECATED_OBJC_IMPLEMENTATIONS = YES;
				CLANG_WARN_DIRECT_OBJC_ISA_USAGE = YES_ERROR;
				CLANG_WARN_DOCUMENTATION_COMMENTS = YES;
				CLANG_WARN_EMPTY_BODY = YES;
				CLANG_WARN_ENUM_CONVERSION = YES;
				CLANG_WARN_INFINITE_RECURSION = YES;
				CLANG_WARN_INT_CONVERSION = YES;
				CLANG_WARN_NON_LITERAL_NULL_CONVERSION = YES;
				CLANG_WARN_OBJC_IMPLICIT_RETAIN_SELF = YES;
				CLANG_WARN_OBJC_LITERAL_CONVERSION = YES;
				CLANG_WARN_OBJC_ROOT_CLASS = YES_ERROR;
				CLANG_WARN_QUOTED_INCLUDE_IN_FRAMEWORK_HEADER = YES;
				CLANG_WARN_RANGE_LOOP_ANALYSIS = YES;
				CLANG_WARN_STRICT_PROTOTYPES = YES;
				CLANG_WARN_SUSPICIOUS_MOVE = YES;
				CLANG_WARN_UNGUARDED_AVAILABILITY = YES_AGGRESSIVE;
				CLANG_WARN_UNREACHABLE_CODE = YES;
				CLANG_WARN__DUPLICATE_METHOD_MATCH = YES;
				COPY_PHASE_STRIP = NO;
				CURRENT_PROJECT_VERSION = 1;
				DEBUG_INFORMATION_FORMAT = dwarf;
				ENABLE_STRICT_OBJC_MSGSEND = YES;
				ENABLE_TESTABILITY = YES;
				ENABLE_USER_SCRIPT_SANDBOXING = YES;
				GCC_C_LANGUAGE_STANDARD = gnu17;
				GCC_DYNAMIC_NO_PIC = NO;
				GCC_NO_COMMON_BLOCKS = YES;
				GCC_OPTIMIZATION_LEVEL = 0;
				GCC_PREPROCESSOR_DEFINITIONS = (
					"DEBUG=1",
					"$(inherited)",
				);
				GCC_WARN_64_TO_32_BIT_CONVERSION = YES;
				GCC_WARN_ABOUT_RETURN_TYPE = YES_ERROR;
				GCC_WARN_UNDECLARED_SELECTOR = YES;
				GCC_WARN_UNINITIALIZED_AUTOS = YES_AGGRESSIVE;
				GCC_WARN_UNUSED_FUNCTION = YES;
				GCC_WARN_UNUSED_VARIABLE = YES;
				IPHONEOS_DEPLOYMENT_TARGET = 16.6;
				LOCALIZATION_PREFERS_STRING_CATALOGS = YES;
				MTL_ENABLE_DEBUG_INFO = INCLUDE_SOURCE;
				MTL_FAST_MATH = YES;
				ONLY_ACTIVE_ARCH = YES;
				SDKROOT = iphoneos;
				SWIFT_ACTIVE_COMPILATION_CONDITIONS = "DEBUG $(inherited)";
				SWIFT_OPTIMIZATION_LEVEL = "-Onone";
				VERSIONING_SYSTEM = "apple-generic";
				VERSION_INFO_PREFIX = "";
			};
			name = Debug;
		};
		160109482CEB79E500FB3182 /* Release */ = {
			isa = XCBuildConfiguration;
			buildSettings = {
				ALWAYS_SEARCH_USER_PATHS = NO;
				ASSETCATALOG_COMPILER_GENERATE_SWIFT_ASSET_SYMBOL_EXTENSIONS = YES;
				CLANG_ANALYZER_NONNULL = YES;
				CLANG_ANALYZER_NUMBER_OBJECT_CONVERSION = YES_AGGRESSIVE;
				CLANG_CXX_LANGUAGE_STANDARD = "gnu++20";
				CLANG_ENABLE_MODULES = YES;
				CLANG_ENABLE_OBJC_ARC = YES;
				CLANG_ENABLE_OBJC_WEAK = YES;
				CLANG_WARN_BLOCK_CAPTURE_AUTORELEASING = YES;
				CLANG_WARN_BOOL_CONVERSION = YES;
				CLANG_WARN_COMMA = YES;
				CLANG_WARN_CONSTANT_CONVERSION = YES;
				CLANG_WARN_DEPRECATED_OBJC_IMPLEMENTATIONS = YES;
				CLANG_WARN_DIRECT_OBJC_ISA_USAGE = YES_ERROR;
				CLANG_WARN_DOCUMENTATION_COMMENTS = YES;
				CLANG_WARN_EMPTY_BODY = YES;
				CLANG_WARN_ENUM_CONVERSION = YES;
				CLANG_WARN_INFINITE_RECURSION = YES;
				CLANG_WARN_INT_CONVERSION = YES;
				CLANG_WARN_NON_LITERAL_NULL_CONVERSION = YES;
				CLANG_WARN_OBJC_IMPLICIT_RETAIN_SELF = YES;
				CLANG_WARN_OBJC_LITERAL_CONVERSION = YES;
				CLANG_WARN_OBJC_ROOT_CLASS = YES_ERROR;
				CLANG_WARN_QUOTED_INCLUDE_IN_FRAMEWORK_HEADER = YES;
				CLANG_WARN_RANGE_LOOP_ANALYSIS = YES;
				CLANG_WARN_STRICT_PROTOTYPES = YES;
				CLANG_WARN_SUSPICIOUS_MOVE = YES;
				CLANG_WARN_UNGUARDED_AVAILABILITY = YES_AGGRESSIVE;
				CLANG_WARN_UNREACHABLE_CODE = YES;
				CLANG_WARN__DUPLICATE_METHOD_MATCH = YES;
				COPY_PHASE_STRIP = NO;
				CURRENT_PROJECT_VERSION = 1;
				DEBUG_INFORMATION_FORMAT = "dwarf-with-dsym";
				ENABLE_NS_ASSERTIONS = NO;
				ENABLE_STRICT_OBJC_MSGSEND = YES;
				ENABLE_USER_SCRIPT_SANDBOXING = YES;
				GCC_C_LANGUAGE_STANDARD = gnu17;
				GCC_NO_COMMON_BLOCKS = YES;
				GCC_WARN_64_TO_32_BIT_CONVERSION = YES;
				GCC_WARN_ABOUT_RETURN_TYPE = YES_ERROR;
				GCC_WARN_UNDECLARED_SELECTOR = YES;
				GCC_WARN_UNINITIALIZED_AUTOS = YES_AGGRESSIVE;
				GCC_WARN_UNUSED_FUNCTION = YES;
				GCC_WARN_UNUSED_VARIABLE = YES;
				IPHONEOS_DEPLOYMENT_TARGET = 16.6;
				LOCALIZATION_PREFERS_STRING_CATALOGS = YES;
				MTL_ENABLE_DEBUG_INFO = NO;
				MTL_FAST_MATH = YES;
				SDKROOT = iphoneos;
				SWIFT_COMPILATION_MODE = wholemodule;
				VALIDATE_PRODUCT = YES;
				VERSIONING_SYSTEM = "apple-generic";
				VERSION_INFO_PREFIX = "";
			};
			name = Release;
		};
		1B7EA86B2CFAA2B600B2BE2A /* Debug */ = {
			isa = XCBuildConfiguration;
			buildSettings = {
				BUILD_LIBRARY_FOR_DISTRIBUTION = YES;
				CODE_SIGN_STYLE = Automatic;
				CURRENT_PROJECT_VERSION = 1;
				DEFINES_MODULE = YES;
				DEVELOPMENT_TEAM = B3PWYBKFUK;
				DYLIB_COMPATIBILITY_VERSION = 1;
				DYLIB_CURRENT_VERSION = 1;
				DYLIB_INSTALL_NAME_BASE = "@rpath";
				ENABLE_MODULE_VERIFIER = YES;
				GENERATE_INFOPLIST_FILE = YES;
				INFOPLIST_KEY_NSHumanReadableCopyright = "";
				INSTALL_PATH = "$(LOCAL_LIBRARY_DIR)/Frameworks";
				IPHONEOS_DEPLOYMENT_TARGET = 16.6;
				LD_RUNPATH_SEARCH_PATHS = (
					"$(inherited)",
					"@executable_path/Frameworks",
					"@loader_path/Frameworks",
				);
				MARKETING_VERSION = 1.0;
				MODULE_VERIFIER_SUPPORTED_LANGUAGES = "objective-c objective-c++";
				MODULE_VERIFIER_SUPPORTED_LANGUAGE_STANDARDS = "gnu17 gnu++20";
				PRODUCT_BUNDLE_IDENTIFIER = kr.codesquad.boostcamp9.alsongDalsong.ASRepositoryProtocol;
				PRODUCT_NAME = "$(TARGET_NAME:c99extidentifier)";
				SKIP_INSTALL = YES;
				SWIFT_EMIT_LOC_STRINGS = YES;
				SWIFT_INSTALL_OBJC_HEADER = NO;
				SWIFT_VERSION = 5.0;
				TARGETED_DEVICE_FAMILY = "1,2";
			};
			name = Debug;
		};
		1B7EA86C2CFAA2B600B2BE2A /* Release */ = {
			isa = XCBuildConfiguration;
			buildSettings = {
				BUILD_LIBRARY_FOR_DISTRIBUTION = YES;
				CODE_SIGN_STYLE = Automatic;
				CURRENT_PROJECT_VERSION = 1;
				DEFINES_MODULE = YES;
				DEVELOPMENT_TEAM = B3PWYBKFUK;
				DYLIB_COMPATIBILITY_VERSION = 1;
				DYLIB_CURRENT_VERSION = 1;
				DYLIB_INSTALL_NAME_BASE = "@rpath";
				ENABLE_MODULE_VERIFIER = YES;
				GENERATE_INFOPLIST_FILE = YES;
				INFOPLIST_KEY_NSHumanReadableCopyright = "";
				INSTALL_PATH = "$(LOCAL_LIBRARY_DIR)/Frameworks";
				IPHONEOS_DEPLOYMENT_TARGET = 16.6;
				LD_RUNPATH_SEARCH_PATHS = (
					"$(inherited)",
					"@executable_path/Frameworks",
					"@loader_path/Frameworks",
				);
				MARKETING_VERSION = 1.0;
				MODULE_VERIFIER_SUPPORTED_LANGUAGES = "objective-c objective-c++";
				MODULE_VERIFIER_SUPPORTED_LANGUAGE_STANDARDS = "gnu17 gnu++20";
				PRODUCT_BUNDLE_IDENTIFIER = kr.codesquad.boostcamp9.alsongDalsong.ASRepositoryProtocol;
				PRODUCT_NAME = "$(TARGET_NAME:c99extidentifier)";
				SKIP_INSTALL = YES;
				SWIFT_EMIT_LOC_STRINGS = YES;
				SWIFT_INSTALL_OBJC_HEADER = NO;
				SWIFT_VERSION = 5.0;
				TARGETED_DEVICE_FAMILY = "1,2";
			};
			name = Release;
		};
/* End XCBuildConfiguration section */

/* Begin XCConfigurationList section */
		160109382CEB79E500FB3182 /* Build configuration list for PBXProject "ASRepository" */ = {
			isa = XCConfigurationList;
			buildConfigurations = (
				160109472CEB79E500FB3182 /* Debug */,
				160109482CEB79E500FB3182 /* Release */,
			);
			defaultConfigurationIsVisible = 0;
			defaultConfigurationName = Release;
		};
		160109442CEB79E500FB3182 /* Build configuration list for PBXNativeTarget "ASRepository" */ = {
			isa = XCConfigurationList;
			buildConfigurations = (
				160109452CEB79E500FB3182 /* Debug */,
				160109462CEB79E500FB3182 /* Release */,
			);
			defaultConfigurationIsVisible = 0;
			defaultConfigurationName = Release;
		};
		1B7EA86A2CFAA2B600B2BE2A /* Build configuration list for PBXNativeTarget "ASRepositoryProtocol" */ = {
			isa = XCConfigurationList;
			buildConfigurations = (
				1B7EA86B2CFAA2B600B2BE2A /* Debug */,
				1B7EA86C2CFAA2B600B2BE2A /* Release */,
			);
			defaultConfigurationIsVisible = 0;
			defaultConfigurationName = Release;
		};
/* End XCConfigurationList section */
	};
	rootObject = 160109352CEB79E500FB3182 /* Project object */;
}
