// !$*UTF8*$!
{
	archiveVersion = 1;
	classes = {
	};
	objectVersion = 77;
	objects = {

/* Begin PBXBuildFile section */
		1B7EB01B2CFDA83B00B2BE2A /* ASAudioAnalyzer.swift in Sources */ = {isa = PBXBuildFile; fileRef = 1B7EB01A2CFDA83B00B2BE2A /* ASAudioAnalyzer.swift */; };
		1B7EB01C2CFDA83B00B2BE2A /* ASAudioAnalyzer.swift in Sources */ = {isa = PBXBuildFile; fileRef = 1B7EB01A2CFDA83B00B2BE2A /* ASAudioAnalyzer.swift */; };
		4E8907C22CE2489A00D5B547 /* ASAudioKit.framework in Frameworks */ = {isa = PBXBuildFile; fileRef = 4E89071E2CE23D1B00D5B547 /* ASAudioKit.framework */; platformFilter = ios; };
		4EB1ED372CE88E500012FFBA /* ASAudioKit.framework in Frameworks */ = {isa = PBXBuildFile; fileRef = 4E89071E2CE23D1B00D5B547 /* ASAudioKit.framework */; };
		4EB1ED382CE88E500012FFBA /* ASAudioKit.framework in Embed Frameworks */ = {isa = PBXBuildFile; fileRef = 4E89071E2CE23D1B00D5B547 /* ASAudioKit.framework */; settings = {ATTRIBUTES = (CodeSignOnCopy, RemoveHeadersOnCopy, ); }; };
		8593659D2D3F77FE0086C8C4 /* ASAudioErrors.swift in Sources */ = {isa = PBXBuildFile; fileRef = 8593659C2D3F77F60086C8C4 /* ASAudioErrors.swift */; };
/* End PBXBuildFile section */

/* Begin PBXContainerItemProxy section */
		4E8907C32CE2489A00D5B547 /* PBXContainerItemProxy */ = {
			isa = PBXContainerItemProxy;
			containerPortal = 4E8907152CE23D1A00D5B547 /* Project object */;
			proxyType = 1;
			remoteGlobalIDString = 4E89071D2CE23D1B00D5B547;
			remoteInfo = ASAudioKit;
		};
		4EB1ED392CE88E500012FFBA /* PBXContainerItemProxy */ = {
			isa = PBXContainerItemProxy;
			containerPortal = 4E8907152CE23D1A00D5B547 /* Project object */;
			proxyType = 1;
			remoteGlobalIDString = 4E89071D2CE23D1B00D5B547;
			remoteInfo = ASAudioKit;
		};
/* End PBXContainerItemProxy section */

/* Begin PBXCopyFilesBuildPhase section */
		4EB1ED3B2CE88E500012FFBA /* Embed Frameworks */ = {
			isa = PBXCopyFilesBuildPhase;
			buildActionMask = 2147483647;
			dstPath = "";
			dstSubfolderSpec = 10;
			files = (
				4EB1ED382CE88E500012FFBA /* ASAudioKit.framework in Embed Frameworks */,
			);
			name = "Embed Frameworks";
			runOnlyForDeploymentPostprocessing = 0;
		};
/* End PBXCopyFilesBuildPhase section */

/* Begin PBXFileReference section */
		1B7EB01A2CFDA83B00B2BE2A /* ASAudioAnalyzer.swift */ = {isa = PBXFileReference; lastKnownFileType = sourcecode.swift; path = ASAudioAnalyzer.swift; sourceTree = "<group>"; };
		4E89071E2CE23D1B00D5B547 /* ASAudioKit.framework */ = {isa = PBXFileReference; explicitFileType = wrapper.framework; includeInIndex = 0; path = ASAudioKit.framework; sourceTree = BUILT_PRODUCTS_DIR; };
		4E8907BE2CE2489A00D5B547 /* ASAudioKitTests.xctest */ = {isa = PBXFileReference; explicitFileType = wrapper.cfbundle; includeInIndex = 0; path = ASAudioKitTests.xctest; sourceTree = BUILT_PRODUCTS_DIR; };
		4EB1EC802CE7AA160012FFBA /* ASAudioDemo.app */ = {isa = PBXFileReference; explicitFileType = wrapper.application; includeInIndex = 0; path = ASAudioDemo.app; sourceTree = BUILT_PRODUCTS_DIR; };
		8593659C2D3F77F60086C8C4 /* ASAudioErrors.swift */ = {isa = PBXFileReference; lastKnownFileType = sourcecode.swift; path = ASAudioErrors.swift; sourceTree = "<group>"; };
/* End PBXFileReference section */

/* Begin PBXFileSystemSynchronizedBuildFileExceptionSet section */
		1BBE1CA72CE479950052A698 /* Exceptions for "ASAudioKit" folder in "ASAudioKit" target */ = {
			isa = PBXFileSystemSynchronizedBuildFileExceptionSet;
			membershipExceptions = (
				ASAudioRecorder/README.md,
			);
			target = 4E89071D2CE23D1B00D5B547 /* ASAudioKit */;
		};
		4E8907C92CE24BA400D5B547 /* Exceptions for "ASAudioKit" folder in "ASAudioKitTests" target */ = {
			isa = PBXFileSystemSynchronizedBuildFileExceptionSet;
			membershipExceptions = (
				ASAudioPlayer/ASAudioPlayer.swift,
				ASAudioRecorder/ASAudioRecorder.swift,
			);
			target = 4E8907BD2CE2489A00D5B547 /* ASAudioKitTests */;
		};
/* End PBXFileSystemSynchronizedBuildFileExceptionSet section */

/* Begin PBXFileSystemSynchronizedRootGroup section */
		4E8907AD2CE240D400D5B547 /* ASAudioKit */ = {
			isa = PBXFileSystemSynchronizedRootGroup;
			exceptions = (
				1BBE1CA72CE479950052A698 /* Exceptions for "ASAudioKit" folder in "ASAudioKit" target */,
				4E8907C92CE24BA400D5B547 /* Exceptions for "ASAudioKit" folder in "ASAudioKitTests" target */,
			);
			path = ASAudioKit;
			sourceTree = "<group>";
		};
		4E8907BF2CE2489A00D5B547 /* ASAudioKitTests */ = {
			isa = PBXFileSystemSynchronizedRootGroup;
			path = ASAudioKitTests;
			sourceTree = "<group>";
		};
		4EB1EC812CE7AA160012FFBA /* ASAudioDemo */ = {
			isa = PBXFileSystemSynchronizedRootGroup;
			path = ASAudioDemo;
			sourceTree = "<group>";
		};
/* End PBXFileSystemSynchronizedRootGroup section */

/* Begin PBXFrameworksBuildPhase section */
		4E89071B2CE23D1B00D5B547 /* Frameworks */ = {
			isa = PBXFrameworksBuildPhase;
			buildActionMask = 2147483647;
			files = (
			);
			runOnlyForDeploymentPostprocessing = 0;
		};
		4E8907BB2CE2489A00D5B547 /* Frameworks */ = {
			isa = PBXFrameworksBuildPhase;
			buildActionMask = 2147483647;
			files = (
				4E8907C22CE2489A00D5B547 /* ASAudioKit.framework in Frameworks */,
			);
			runOnlyForDeploymentPostprocessing = 0;
		};
		4EB1EC7D2CE7AA160012FFBA /* Frameworks */ = {
			isa = PBXFrameworksBuildPhase;
			buildActionMask = 2147483647;
			files = (
				4EB1ED372CE88E500012FFBA /* ASAudioKit.framework in Frameworks */,
			);
			runOnlyForDeploymentPostprocessing = 0;
		};
/* End PBXFrameworksBuildPhase section */

/* Begin PBXGroup section */
		4E8907142CE23D1A00D5B547 = {
			isa = PBXGroup;
			children = (
				1B7EB01A2CFDA83B00B2BE2A /* ASAudioAnalyzer.swift */,
				8593659C2D3F77F60086C8C4 /* ASAudioErrors.swift */,
				4E8907AD2CE240D400D5B547 /* ASAudioKit */,
				4E8907BF2CE2489A00D5B547 /* ASAudioKitTests */,
				4EB1EC812CE7AA160012FFBA /* ASAudioDemo */,
				4EB1ED362CE88E500012FFBA /* Frameworks */,
				4E89071F2CE23D1B00D5B547 /* Products */,
			);
			sourceTree = "<group>";
		};
		4E89071F2CE23D1B00D5B547 /* Products */ = {
			isa = PBXGroup;
			children = (
				4E89071E2CE23D1B00D5B547 /* ASAudioKit.framework */,
				4E8907BE2CE2489A00D5B547 /* ASAudioKitTests.xctest */,
				4EB1EC802CE7AA160012FFBA /* ASAudioDemo.app */,
			);
			name = Products;
			sourceTree = "<group>";
		};
		4EB1ED362CE88E500012FFBA /* Frameworks */ = {
			isa = PBXGroup;
			children = (
			);
			name = Frameworks;
			sourceTree = "<group>";
		};
/* End PBXGroup section */

/* Begin PBXHeadersBuildPhase section */
		4E8907192CE23D1B00D5B547 /* Headers */ = {
			isa = PBXHeadersBuildPhase;
			buildActionMask = 2147483647;
			files = (
			);
			runOnlyForDeploymentPostprocessing = 0;
		};
/* End PBXHeadersBuildPhase section */

/* Begin PBXNativeTarget section */
		4E89071D2CE23D1B00D5B547 /* ASAudioKit */ = {
			isa = PBXNativeTarget;
			buildConfigurationList = 4E8907262CE23D1B00D5B547 /* Build configuration list for PBXNativeTarget "ASAudioKit" */;
			buildPhases = (
				4E8907192CE23D1B00D5B547 /* Headers */,
				4E89071A2CE23D1B00D5B547 /* Sources */,
				4E89071B2CE23D1B00D5B547 /* Frameworks */,
				4E89071C2CE23D1B00D5B547 /* Resources */,
			);
			buildRules = (
			);
			dependencies = (
			);
			fileSystemSynchronizedGroups = (
				4E8907AD2CE240D400D5B547 /* ASAudioKit */,
			);
			name = ASAudioKit;
			packageProductDependencies = (
			);
			productName = ASAudioKit;
			productReference = 4E89071E2CE23D1B00D5B547 /* ASAudioKit.framework */;
			productType = "com.apple.product-type.framework";
		};
		4E8907BD2CE2489A00D5B547 /* ASAudioKitTests */ = {
			isa = PBXNativeTarget;
			buildConfigurationList = 4E8907C52CE2489A00D5B547 /* Build configuration list for PBXNativeTarget "ASAudioKitTests" */;
			buildPhases = (
				4E8907BA2CE2489A00D5B547 /* Sources */,
				4E8907BB2CE2489A00D5B547 /* Frameworks */,
				4E8907BC2CE2489A00D5B547 /* Resources */,
			);
			buildRules = (
			);
			dependencies = (
				4E8907C42CE2489A00D5B547 /* PBXTargetDependency */,
			);
			fileSystemSynchronizedGroups = (
				4E8907BF2CE2489A00D5B547 /* ASAudioKitTests */,
			);
			name = ASAudioKitTests;
			packageProductDependencies = (
			);
			productName = ASAudioKitTests;
			productReference = 4E8907BE2CE2489A00D5B547 /* ASAudioKitTests.xctest */;
			productType = "com.apple.product-type.bundle.unit-test";
		};
		4EB1EC7F2CE7AA160012FFBA /* ASAudioDemo */ = {
			isa = PBXNativeTarget;
			buildConfigurationList = 4EB1EC8D2CE7AA190012FFBA /* Build configuration list for PBXNativeTarget "ASAudioDemo" */;
			buildPhases = (
				4EB1EC7C2CE7AA160012FFBA /* Sources */,
				4EB1EC7D2CE7AA160012FFBA /* Frameworks */,
				4EB1EC7E2CE7AA160012FFBA /* Resources */,
				4EB1ED3B2CE88E500012FFBA /* Embed Frameworks */,
			);
			buildRules = (
			);
			dependencies = (
				4EB1ED3A2CE88E500012FFBA /* PBXTargetDependency */,
			);
			fileSystemSynchronizedGroups = (
				4EB1EC812CE7AA160012FFBA /* ASAudioDemo */,
			);
			name = ASAudioDemo;
			packageProductDependencies = (
			);
			productName = ASAudioDemo;
			productReference = 4EB1EC802CE7AA160012FFBA /* ASAudioDemo.app */;
			productType = "com.apple.product-type.application";
		};
/* End PBXNativeTarget section */

/* Begin PBXProject section */
		4E8907152CE23D1A00D5B547 /* Project object */ = {
			isa = PBXProject;
			attributes = {
				BuildIndependentTargetsInParallel = 1;
				LastSwiftUpdateCheck = 1610;
				LastUpgradeCheck = 1610;
				TargetAttributes = {
					4E89071D2CE23D1B00D5B547 = {
						CreatedOnToolsVersion = 16.1;
					};
					4E8907BD2CE2489A00D5B547 = {
						CreatedOnToolsVersion = 16.1;
					};
					4EB1EC7F2CE7AA160012FFBA = {
						CreatedOnToolsVersion = 16.1;
					};
				};
			};
			buildConfigurationList = 4E8907182CE23D1A00D5B547 /* Build configuration list for PBXProject "ASAudioKit" */;
			developmentRegion = en;
			hasScannedForEncodings = 0;
			knownRegions = (
				en,
				Base,
			);
			mainGroup = 4E8907142CE23D1A00D5B547;
			minimizedProjectReferenceProxies = 1;
			preferredProjectObjectVersion = 77;
			productRefGroup = 4E89071F2CE23D1B00D5B547 /* Products */;
			projectDirPath = "";
			projectRoot = "";
			targets = (
				4E89071D2CE23D1B00D5B547 /* ASAudioKit */,
				4E8907BD2CE2489A00D5B547 /* ASAudioKitTests */,
				4EB1EC7F2CE7AA160012FFBA /* ASAudioDemo */,
			);
		};
/* End PBXProject section */

/* Begin PBXResourcesBuildPhase section */
		4E89071C2CE23D1B00D5B547 /* Resources */ = {
			isa = PBXResourcesBuildPhase;
			buildActionMask = 2147483647;
			files = (
			);
			runOnlyForDeploymentPostprocessing = 0;
		};
		4E8907BC2CE2489A00D5B547 /* Resources */ = {
			isa = PBXResourcesBuildPhase;
			buildActionMask = 2147483647;
			files = (
			);
			runOnlyForDeploymentPostprocessing = 0;
		};
		4EB1EC7E2CE7AA160012FFBA /* Resources */ = {
			isa = PBXResourcesBuildPhase;
			buildActionMask = 2147483647;
			files = (
			);
			runOnlyForDeploymentPostprocessing = 0;
		};
/* End PBXResourcesBuildPhase section */

/* Begin PBXSourcesBuildPhase section */
		4E89071A2CE23D1B00D5B547 /* Sources */ = {
			isa = PBXSourcesBuildPhase;
			buildActionMask = 2147483647;
			files = (
				1B7EB01C2CFDA83B00B2BE2A /* ASAudioAnalyzer.swift in Sources */,
				8593659D2D3F77FE0086C8C4 /* ASAudioErrors.swift in Sources */,
			);
			runOnlyForDeploymentPostprocessing = 0;
		};
		4E8907BA2CE2489A00D5B547 /* Sources */ = {
			isa = PBXSourcesBuildPhase;
			buildActionMask = 2147483647;
			files = (
			);
			runOnlyForDeploymentPostprocessing = 0;
		};
		4EB1EC7C2CE7AA160012FFBA /* Sources */ = {
			isa = PBXSourcesBuildPhase;
			buildActionMask = 2147483647;
			files = (
				1B7EB01B2CFDA83B00B2BE2A /* ASAudioAnalyzer.swift in Sources */,
			);
			runOnlyForDeploymentPostprocessing = 0;
		};
/* End PBXSourcesBuildPhase section */

/* Begin PBXTargetDependency section */
		4E8907C42CE2489A00D5B547 /* PBXTargetDependency */ = {
			isa = PBXTargetDependency;
			platformFilter = ios;
			target = 4E89071D2CE23D1B00D5B547 /* ASAudioKit */;
			targetProxy = 4E8907C32CE2489A00D5B547 /* PBXContainerItemProxy */;
		};
		4EB1ED3A2CE88E500012FFBA /* PBXTargetDependency */ = {
			isa = PBXTargetDependency;
			target = 4E89071D2CE23D1B00D5B547 /* ASAudioKit */;
			targetProxy = 4EB1ED392CE88E500012FFBA /* PBXContainerItemProxy */;
		};
/* End PBXTargetDependency section */

/* Begin XCBuildConfiguration section */
		4E8907272CE23D1B00D5B547 /* Debug */ = {
			isa = XCBuildConfiguration;
			buildSettings = {
				BUILD_LIBRARY_FOR_DISTRIBUTION = YES;
				CODE_SIGN_STYLE = Automatic;
				CURRENT_PROJECT_VERSION = 1;
				DEFINES_MODULE = NO;
				DEVELOPMENT_TEAM = B3PWYBKFUK;
				DYLIB_COMPATIBILITY_VERSION = 1;
				DYLIB_CURRENT_VERSION = 1;
				DYLIB_INSTALL_NAME_BASE = "@rpath";
				ENABLE_MODULE_VERIFIER = YES;
				GENERATE_INFOPLIST_FILE = YES;
				INFOPLIST_KEY_NSHumanReadableCopyright = "";
				INSTALL_PATH = "$(LOCAL_LIBRARY_DIR)/Frameworks";
				IPHONEOS_DEPLOYMENT_TARGET = 16.6;
				LD_RUNPATH_SEARCH_PATHS = (
					"$(inherited)",
					"@executable_path/Frameworks",
					"@loader_path/Frameworks",
				);
				MARKETING_VERSION = 1.0;
				MODULE_VERIFIER_SUPPORTED_LANGUAGES = "objective-c objective-c++";
				MODULE_VERIFIER_SUPPORTED_LANGUAGE_STANDARDS = "gnu17 gnu++20";
				PRODUCT_BUNDLE_IDENTIFIER = kr.codesquad.boostcamp9.alsongDalsong.ASAudioKit;
				PRODUCT_NAME = "$(TARGET_NAME:c99extidentifier)";
				SKIP_INSTALL = YES;
				SWIFT_EMIT_LOC_STRINGS = YES;
				SWIFT_INSTALL_OBJC_HEADER = NO;
				SWIFT_VERSION = 6.0;
				TARGETED_DEVICE_FAMILY = "1,2";
			};
			name = Debug;
		};
		4E8907282CE23D1B00D5B547 /* Release */ = {
			isa = XCBuildConfiguration;
			buildSettings = {
				BUILD_LIBRARY_FOR_DISTRIBUTION = YES;
				CODE_SIGN_STYLE = Automatic;
				CURRENT_PROJECT_VERSION = 1;
				DEFINES_MODULE = NO;
				DEVELOPMENT_TEAM = B3PWYBKFUK;
				DYLIB_COMPATIBILITY_VERSION = 1;
				DYLIB_CURRENT_VERSION = 1;
				DYLIB_INSTALL_NAME_BASE = "@rpath";
				ENABLE_MODULE_VERIFIER = YES;
				GENERATE_INFOPLIST_FILE = YES;
				INFOPLIST_KEY_NSHumanReadableCopyright = "";
				INSTALL_PATH = "$(LOCAL_LIBRARY_DIR)/Frameworks";
				IPHONEOS_DEPLOYMENT_TARGET = 16.6;
				LD_RUNPATH_SEARCH_PATHS = (
					"$(inherited)",
					"@executable_path/Frameworks",
					"@loader_path/Frameworks",
				);
				MARKETING_VERSION = 1.0;
				MODULE_VERIFIER_SUPPORTED_LANGUAGES = "objective-c objective-c++";
				MODULE_VERIFIER_SUPPORTED_LANGUAGE_STANDARDS = "gnu17 gnu++20";
				PRODUCT_BUNDLE_IDENTIFIER = kr.codesquad.boostcamp9.alsongDalsong.ASAudioKit;
				PRODUCT_NAME = "$(TARGET_NAME:c99extidentifier)";
				SKIP_INSTALL = YES;
				SWIFT_EMIT_LOC_STRINGS = YES;
				SWIFT_INSTALL_OBJC_HEADER = NO;
				SWIFT_VERSION = 6.0;
				TARGETED_DEVICE_FAMILY = "1,2";
			};
			name = Release;
		};
		4E8907292CE23D1B00D5B547 /* Debug */ = {
			isa = XCBuildConfiguration;
			buildSettings = {
				ALWAYS_SEARCH_USER_PATHS = NO;
				ASSETCATALOG_COMPILER_GENERATE_SWIFT_ASSET_SYMBOL_EXTENSIONS = YES;
				CLANG_ANALYZER_NONNULL = YES;
				CLANG_ANALYZER_NUMBER_OBJECT_CONVERSION = YES_AGGRESSIVE;
				CLANG_CXX_LANGUAGE_STANDARD = "gnu++20";
				CLANG_ENABLE_MODULES = YES;
				CLANG_ENABLE_OBJC_ARC = YES;
				CLANG_ENABLE_OBJC_WEAK = YES;
				CLANG_WARN_BLOCK_CAPTURE_AUTORELEASING = YES;
				CLANG_WARN_BOOL_CONVERSION = YES;
				CLANG_WARN_COMMA = YES;
				CLANG_WARN_CONSTANT_CONVERSION = YES;
				CLANG_WARN_DEPRECATED_OBJC_IMPLEMENTATIONS = YES;
				CLANG_WARN_DIRECT_OBJC_ISA_USAGE = YES_ERROR;
				CLANG_WARN_DOCUMENTATION_COMMENTS = YES;
				CLANG_WARN_EMPTY_BODY = YES;
				CLANG_WARN_ENUM_CONVERSION = YES;
				CLANG_WARN_INFINITE_RECURSION = YES;
				CLANG_WARN_INT_CONVERSION = YES;
				CLANG_WARN_NON_LITERAL_NULL_CONVERSION = YES;
				CLANG_WARN_OBJC_IMPLICIT_RETAIN_SELF = YES;
				CLANG_WARN_OBJC_LITERAL_CONVERSION = YES;
				CLANG_WARN_OBJC_ROOT_CLASS = YES_ERROR;
				CLANG_WARN_QUOTED_INCLUDE_IN_FRAMEWORK_HEADER = YES;
				CLANG_WARN_RANGE_LOOP_ANALYSIS = YES;
				CLANG_WARN_STRICT_PROTOTYPES = YES;
				CLANG_WARN_SUSPICIOUS_MOVE = YES;
				CLANG_WARN_UNGUARDED_AVAILABILITY = YES_AGGRESSIVE;
				CLANG_WARN_UNREACHABLE_CODE = YES;
				CLANG_WARN__DUPLICATE_METHOD_MATCH = YES;
				COPY_PHASE_STRIP = NO;
				CURRENT_PROJECT_VERSION = 1;
				DEBUG_INFORMATION_FORMAT = dwarf;
				ENABLE_STRICT_OBJC_MSGSEND = YES;
				ENABLE_TESTABILITY = YES;
				ENABLE_USER_SCRIPT_SANDBOXING = YES;
				GCC_C_LANGUAGE_STANDARD = gnu17;
				GCC_DYNAMIC_NO_PIC = NO;
				GCC_NO_COMMON_BLOCKS = YES;
				GCC_OPTIMIZATION_LEVEL = 0;
				GCC_PREPROCESSOR_DEFINITIONS = (
					"DEBUG=1",
					"$(inherited)",
				);
				GCC_WARN_64_TO_32_BIT_CONVERSION = YES;
				GCC_WARN_ABOUT_RETURN_TYPE = YES_ERROR;
				GCC_WARN_UNDECLARED_SELECTOR = YES;
				GCC_WARN_UNINITIALIZED_AUTOS = YES_AGGRESSIVE;
				GCC_WARN_UNUSED_FUNCTION = YES;
				GCC_WARN_UNUSED_VARIABLE = YES;
				IPHONEOS_DEPLOYMENT_TARGET = 18.1;
				LOCALIZATION_PREFERS_STRING_CATALOGS = YES;
				MTL_ENABLE_DEBUG_INFO = INCLUDE_SOURCE;
				MTL_FAST_MATH = YES;
				ONLY_ACTIVE_ARCH = YES;
				SDKROOT = iphoneos;
				SWIFT_ACTIVE_COMPILATION_CONDITIONS = "DEBUG $(inherited)";
				SWIFT_OPTIMIZATION_LEVEL = "-Onone";
				SWIFT_VERSION = 6.0;
				VERSIONING_SYSTEM = "apple-generic";
				VERSION_INFO_PREFIX = "";
			};
			name = Debug;
		};
		4E89072A2CE23D1B00D5B547 /* Release */ = {
			isa = XCBuildConfiguration;
			buildSettings = {
				ALWAYS_SEARCH_USER_PATHS = NO;
				ASSETCATALOG_COMPILER_GENERATE_SWIFT_ASSET_SYMBOL_EXTENSIONS = YES;
				CLANG_ANALYZER_NONNULL = YES;
				CLANG_ANALYZER_NUMBER_OBJECT_CONVERSION = YES_AGGRESSIVE;
				CLANG_CXX_LANGUAGE_STANDARD = "gnu++20";
				CLANG_ENABLE_MODULES = YES;
				CLANG_ENABLE_OBJC_ARC = YES;
				CLANG_ENABLE_OBJC_WEAK = YES;
				CLANG_WARN_BLOCK_CAPTURE_AUTORELEASING = YES;
				CLANG_WARN_BOOL_CONVERSION = YES;
				CLANG_WARN_COMMA = YES;
				CLANG_WARN_CONSTANT_CONVERSION = YES;
				CLANG_WARN_DEPRECATED_OBJC_IMPLEMENTATIONS = YES;
				CLANG_WARN_DIRECT_OBJC_ISA_USAGE = YES_ERROR;
				CLANG_WARN_DOCUMENTATION_COMMENTS = YES;
				CLANG_WARN_EMPTY_BODY = YES;
				CLANG_WARN_ENUM_CONVERSION = YES;
				CLANG_WARN_INFINITE_RECURSION = YES;
				CLANG_WARN_INT_CONVERSION = YES;
				CLANG_WARN_NON_LITERAL_NULL_CONVERSION = YES;
				CLANG_WARN_OBJC_IMPLICIT_RETAIN_SELF = YES;
				CLANG_WARN_OBJC_LITERAL_CONVERSION = YES;
				CLANG_WARN_OBJC_ROOT_CLASS = YES_ERROR;
				CLANG_WARN_QUOTED_INCLUDE_IN_FRAMEWORK_HEADER = YES;
				CLANG_WARN_RANGE_LOOP_ANALYSIS = YES;
				CLANG_WARN_STRICT_PROTOTYPES = YES;
				CLANG_WARN_SUSPICIOUS_MOVE = YES;
				CLANG_WARN_UNGUARDED_AVAILABILITY = YES_AGGRESSIVE;
				CLANG_WARN_UNREACHABLE_CODE = YES;
				CLANG_WARN__DUPLICATE_METHOD_MATCH = YES;
				COPY_PHASE_STRIP = NO;
				CURRENT_PROJECT_VERSION = 1;
				DEBUG_INFORMATION_FORMAT = "dwarf-with-dsym";
				ENABLE_NS_ASSERTIONS = NO;
				ENABLE_STRICT_OBJC_MSGSEND = YES;
				ENABLE_USER_SCRIPT_SANDBOXING = YES;
				GCC_C_LANGUAGE_STANDARD = gnu17;
				GCC_NO_COMMON_BLOCKS = YES;
				GCC_WARN_64_TO_32_BIT_CONVERSION = YES;
				GCC_WARN_ABOUT_RETURN_TYPE = YES_ERROR;
				GCC_WARN_UNDECLARED_SELECTOR = YES;
				GCC_WARN_UNINITIALIZED_AUTOS = YES_AGGRESSIVE;
				GCC_WARN_UNUSED_FUNCTION = YES;
				GCC_WARN_UNUSED_VARIABLE = YES;
				IPHONEOS_DEPLOYMENT_TARGET = 18.1;
				LOCALIZATION_PREFERS_STRING_CATALOGS = YES;
				MTL_ENABLE_DEBUG_INFO = NO;
				MTL_FAST_MATH = YES;
				SDKROOT = iphoneos;
				SWIFT_COMPILATION_MODE = wholemodule;
				SWIFT_VERSION = 6.0;
				VALIDATE_PRODUCT = YES;
				VERSIONING_SYSTEM = "apple-generic";
				VERSION_INFO_PREFIX = "";
			};
			name = Release;
		};
		4E8907C62CE2489A00D5B547 /* Debug */ = {
			isa = XCBuildConfiguration;
			buildSettings = {
				CODE_SIGN_STYLE = Automatic;
				CURRENT_PROJECT_VERSION = 1;
				DEVELOPMENT_TEAM = B3PWYBKFUK;
				GENERATE_INFOPLIST_FILE = YES;
				IPHONEOS_DEPLOYMENT_TARGET = 18.1;
				MACOSX_DEPLOYMENT_TARGET = 15.0;
				MARKETING_VERSION = 1.0;
				PRODUCT_BUNDLE_IDENTIFIER = kr.codesquad.boostcamp9.alsongDalsong.ASAudioKitTests;
				PRODUCT_NAME = "$(TARGET_NAME)";
				SDKROOT = auto;
				SUPPORTED_PLATFORMS = "iphoneos iphonesimulator macosx xros xrsimulator";
				SWIFT_EMIT_LOC_STRINGS = NO;
				SWIFT_VERSION = 6.0;
				TARGETED_DEVICE_FAMILY = "1,2,7";
				XROS_DEPLOYMENT_TARGET = 2.1;
			};
			name = Debug;
		};
		4E8907C72CE2489A00D5B547 /* Release */ = {
			isa = XCBuildConfiguration;
			buildSettings = {
				CODE_SIGN_STYLE = Automatic;
				CURRENT_PROJECT_VERSION = 1;
				DEVELOPMENT_TEAM = B3PWYBKFUK;
				GENERATE_INFOPLIST_FILE = YES;
				IPHONEOS_DEPLOYMENT_TARGET = 18.1;
				MACOSX_DEPLOYMENT_TARGET = 15.0;
				MARKETING_VERSION = 1.0;
				PRODUCT_BUNDLE_IDENTIFIER = kr.codesquad.boostcamp9.alsongDalsong.ASAudioKitTests;
				PRODUCT_NAME = "$(TARGET_NAME)";
				SDKROOT = auto;
				SUPPORTED_PLATFORMS = "iphoneos iphonesimulator macosx xros xrsimulator";
				SWIFT_EMIT_LOC_STRINGS = NO;
				SWIFT_VERSION = 6.0;
				TARGETED_DEVICE_FAMILY = "1,2,7";
				XROS_DEPLOYMENT_TARGET = 2.1;
			};
			name = Release;
		};
		4EB1EC8B2CE7AA190012FFBA /* Debug */ = {
			isa = XCBuildConfiguration;
			buildSettings = {
				ASSETCATALOG_COMPILER_APPICON_NAME = AppIcon;
				ASSETCATALOG_COMPILER_GLOBAL_ACCENT_COLOR_NAME = AccentColor;
				CODE_SIGN_STYLE = Automatic;
				CURRENT_PROJECT_VERSION = 1;
				DEVELOPMENT_ASSET_PATHS = "\"ASAudioDemo/Preview Content\"";
				DEVELOPMENT_TEAM = B3PWYBKFUK;
				ENABLE_PREVIEWS = YES;
				GENERATE_INFOPLIST_FILE = YES;
				INFOPLIST_KEY_NSMicrophoneUsageDescription = "녹음을 진행하기 위해";
				INFOPLIST_KEY_UIApplicationSceneManifest_Generation = YES;
				INFOPLIST_KEY_UIApplicationSupportsIndirectInputEvents = YES;
				INFOPLIST_KEY_UILaunchScreen_Generation = YES;
				INFOPLIST_KEY_UISupportedInterfaceOrientations_iPad = "UIInterfaceOrientationPortrait UIInterfaceOrientationPortraitUpsideDown UIInterfaceOrientationLandscapeLeft UIInterfaceOrientationLandscapeRight";
				INFOPLIST_KEY_UISupportedInterfaceOrientations_iPhone = "UIInterfaceOrientationPortrait UIInterfaceOrientationLandscapeLeft UIInterfaceOrientationLandscapeRight";
				IPHONEOS_DEPLOYMENT_TARGET = 16.6;
				LD_RUNPATH_SEARCH_PATHS = (
					"$(inherited)",
					"@executable_path/Frameworks",
				);
				MARKETING_VERSION = 1.0;
				PRODUCT_BUNDLE_IDENTIFIER = kr.codesquad.boostcamp9.alsongDalsong.ASAudioDemo;
				PRODUCT_NAME = "$(TARGET_NAME)";
				SWIFT_EMIT_LOC_STRINGS = YES;
				SWIFT_VERSION = 6.0;
				TARGETED_DEVICE_FAMILY = "1,2";
			};
			name = Debug;
		};
		4EB1EC8C2CE7AA190012FFBA /* Release */ = {
			isa = XCBuildConfiguration;
			buildSettings = {
				ASSETCATALOG_COMPILER_APPICON_NAME = AppIcon;
				ASSETCATALOG_COMPILER_GLOBAL_ACCENT_COLOR_NAME = AccentColor;
				CODE_SIGN_STYLE = Automatic;
				CURRENT_PROJECT_VERSION = 1;
				DEVELOPMENT_ASSET_PATHS = "\"ASAudioDemo/Preview Content\"";
				DEVELOPMENT_TEAM = B3PWYBKFUK;
				ENABLE_PREVIEWS = YES;
				GENERATE_INFOPLIST_FILE = YES;
				INFOPLIST_KEY_NSMicrophoneUsageDescription = "녹음을 진행하기 위해";
				INFOPLIST_KEY_UIApplicationSceneManifest_Generation = YES;
				INFOPLIST_KEY_UIApplicationSupportsIndirectInputEvents = YES;
				INFOPLIST_KEY_UILaunchScreen_Generation = YES;
				INFOPLIST_KEY_UISupportedInterfaceOrientations_iPad = "UIInterfaceOrientationPortrait UIInterfaceOrientationPortraitUpsideDown UIInterfaceOrientationLandscapeLeft UIInterfaceOrientationLandscapeRight";
				INFOPLIST_KEY_UISupportedInterfaceOrientations_iPhone = "UIInterfaceOrientationPortrait UIInterfaceOrientationLandscapeLeft UIInterfaceOrientationLandscapeRight";
				IPHONEOS_DEPLOYMENT_TARGET = 16.6;
				LD_RUNPATH_SEARCH_PATHS = (
					"$(inherited)",
					"@executable_path/Frameworks",
				);
				MARKETING_VERSION = 1.0;
				PRODUCT_BUNDLE_IDENTIFIER = kr.codesquad.boostcamp9.alsongDalsong.ASAudioDemo;
				PRODUCT_NAME = "$(TARGET_NAME)";
				SWIFT_EMIT_LOC_STRINGS = YES;
				SWIFT_VERSION = 6.0;
				TARGETED_DEVICE_FAMILY = "1,2";
			};
			name = Release;
		};
/* End XCBuildConfiguration section */

/* Begin XCConfigurationList section */
		4E8907182CE23D1A00D5B547 /* Build configuration list for PBXProject "ASAudioKit" */ = {
			isa = XCConfigurationList;
			buildConfigurations = (
				4E8907292CE23D1B00D5B547 /* Debug */,
				4E89072A2CE23D1B00D5B547 /* Release */,
			);
			defaultConfigurationIsVisible = 0;
			defaultConfigurationName = Release;
		};
		4E8907262CE23D1B00D5B547 /* Build configuration list for PBXNativeTarget "ASAudioKit" */ = {
			isa = XCConfigurationList;
			buildConfigurations = (
				4E8907272CE23D1B00D5B547 /* Debug */,
				4E8907282CE23D1B00D5B547 /* Release */,
			);
			defaultConfigurationIsVisible = 0;
			defaultConfigurationName = Release;
		};
		4E8907C52CE2489A00D5B547 /* Build configuration list for PBXNativeTarget "ASAudioKitTests" */ = {
			isa = XCConfigurationList;
			buildConfigurations = (
				4E8907C62CE2489A00D5B547 /* Debug */,
				4E8907C72CE2489A00D5B547 /* Release */,
			);
			defaultConfigurationIsVisible = 0;
			defaultConfigurationName = Release;
		};
		4EB1EC8D2CE7AA190012FFBA /* Build configuration list for PBXNativeTarget "ASAudioDemo" */ = {
			isa = XCConfigurationList;
			buildConfigurations = (
				4EB1EC8B2CE7AA190012FFBA /* Debug */,
				4EB1EC8C2CE7AA190012FFBA /* Release */,
			);
			defaultConfigurationIsVisible = 0;
			defaultConfigurationName = Release;
		};
/* End XCConfigurationList section */
	};
	rootObject = 4E8907152CE23D1A00D5B547 /* Project object */;
}
